// !$*UTF8*$!
{
	archiveVersion = 1;
	classes = {
	};
	objectVersion = 63;
	objects = {

/* Begin PBXBuildFile section */
		8E17A2DC2BCA267000581B58 /* RedColorLabel.swift in Sources */ = {isa = PBXBuildFile; fileRef = 8E17A2DB2BCA267000581B58 /* RedColorLabel.swift */; };
		8E17A2DE2BCA31D400581B58 /* ViewModelType+.swift in Sources */ = {isa = PBXBuildFile; fileRef = 8E17A2DD2BCA31D400581B58 /* ViewModelType+.swift */; };
		8E17A2E22BCA3D7800581B58 /* PhoneView.swift in Sources */ = {isa = PBXBuildFile; fileRef = 8E17A2E12BCA3D7800581B58 /* PhoneView.swift */; };
		8E17A2E42BCA3D7F00581B58 /* PhoneViewController.swift in Sources */ = {isa = PBXBuildFile; fileRef = 8E17A2E32BCA3D7F00581B58 /* PhoneViewController.swift */; };
		8E17A2E62BCA3D8600581B58 /* PhoneViewModel.swift in Sources */ = {isa = PBXBuildFile; fileRef = 8E17A2E52BCA3D8600581B58 /* PhoneViewModel.swift */; };
		8E17A2E82BCA3E6500581B58 /* UserProfileManager.swift in Sources */ = {isa = PBXBuildFile; fileRef = 8E17A2E72BCA3E6500581B58 /* UserProfileManager.swift */; };
		8E17A2EA2BCA59C100581B58 /* BirthdayView.swift in Sources */ = {isa = PBXBuildFile; fileRef = 8E17A2E92BCA59C100581B58 /* BirthdayView.swift */; };
		8E17A2EC2BCA59C800581B58 /* BirthdayViewController.swift in Sources */ = {isa = PBXBuildFile; fileRef = 8E17A2EB2BCA59C800581B58 /* BirthdayViewController.swift */; };
		8E17A2EE2BCA59D000581B58 /* BirthdayViewModel.swift in Sources */ = {isa = PBXBuildFile; fileRef = 8E17A2ED2BCA59D000581B58 /* BirthdayViewModel.swift */; };
		8E17A2F12BCA7D9F00581B58 /* FindingView.swift in Sources */ = {isa = PBXBuildFile; fileRef = 8E17A2F02BCA7D9F00581B58 /* FindingView.swift */; };
		8E17A2F32BCA7DA800581B58 /* FindingViewController.swift in Sources */ = {isa = PBXBuildFile; fileRef = 8E17A2F22BCA7DA800581B58 /* FindingViewController.swift */; };
		8E17A2F52BCA7DAE00581B58 /* FindingViewModel.swift in Sources */ = {isa = PBXBuildFile; fileRef = 8E17A2F42BCA7DAE00581B58 /* FindingViewModel.swift */; };
		8E17A2F72BCA7F1D00581B58 /* PostTabViewController.swift in Sources */ = {isa = PBXBuildFile; fileRef = 8E17A2F62BCA7F1D00581B58 /* PostTabViewController.swift */; };
		8E17A2FE2BCA80AF00581B58 /* FoundView.swift in Sources */ = {isa = PBXBuildFile; fileRef = 8E17A2FD2BCA80AF00581B58 /* FoundView.swift */; };
		8E17A3002BCA80B900581B58 /* FoundViewController.swift in Sources */ = {isa = PBXBuildFile; fileRef = 8E17A2FF2BCA80B900581B58 /* FoundViewController.swift */; };
		8E17A3022BCA80BF00581B58 /* FoundViewModel.swift in Sources */ = {isa = PBXBuildFile; fileRef = 8E17A3012BCA80BF00581B58 /* FoundViewModel.swift */; };
		8E17A3062BCA8F9200581B58 /* SearchView.swift in Sources */ = {isa = PBXBuildFile; fileRef = 8E17A3052BCA8F9200581B58 /* SearchView.swift */; };
		8E17A3082BCA8F9900581B58 /* SearchViewController.swift in Sources */ = {isa = PBXBuildFile; fileRef = 8E17A3072BCA8F9900581B58 /* SearchViewController.swift */; };
		8E17A30C2BCA8FA900581B58 /* SearchViewModel.swift in Sources */ = {isa = PBXBuildFile; fileRef = 8E17A30B2BCA8FA900581B58 /* SearchViewModel.swift */; };
		8E17A30E2BCA8FBF00581B58 /* MyProfileView.swift in Sources */ = {isa = PBXBuildFile; fileRef = 8E17A30D2BCA8FBF00581B58 /* MyProfileView.swift */; };
		8E17A3102BCA8FC800581B58 /* MyProfileViewController.swift in Sources */ = {isa = PBXBuildFile; fileRef = 8E17A30F2BCA8FC800581B58 /* MyProfileViewController.swift */; };
		8E17A3122BCA8FCF00581B58 /* MyProfileViewModel.swift in Sources */ = {isa = PBXBuildFile; fileRef = 8E17A3112BCA8FCF00581B58 /* MyProfileViewModel.swift */; };
		8E17A3172BCAC58A00581B58 /* MyPostViewController.swift in Sources */ = {isa = PBXBuildFile; fileRef = 8E17A3162BCAC58A00581B58 /* MyPostViewController.swift */; };
		8E17A3192BCAC59400581B58 /* MyPostViewModel.swift in Sources */ = {isa = PBXBuildFile; fileRef = 8E17A3182BCAC59400581B58 /* MyPostViewModel.swift */; };
		8E17A31C2BCAC61900581B58 /* MyStoragePostView.swift in Sources */ = {isa = PBXBuildFile; fileRef = 8E17A31B2BCAC61900581B58 /* MyStoragePostView.swift */; };
		8E17A31E2BCAC62B00581B58 /* MyStoragePostViewController.swift in Sources */ = {isa = PBXBuildFile; fileRef = 8E17A31D2BCAC62B00581B58 /* MyStoragePostViewController.swift */; };
		8E17A3202BCAC63C00581B58 /* MyStorageViewModel.swift in Sources */ = {isa = PBXBuildFile; fileRef = 8E17A31F2BCAC63C00581B58 /* MyStorageViewModel.swift */; };
		8E17A3232BCAC87E00581B58 /* MyProfileTabViewController.swift in Sources */ = {isa = PBXBuildFile; fileRef = 8E17A3222BCAC87E00581B58 /* MyProfileTabViewController.swift */; };
		8E17A32A2BCAD16E00581B58 /* PostView.swift in Sources */ = {isa = PBXBuildFile; fileRef = 8E17A3292BCAD16E00581B58 /* PostView.swift */; };
		8E17A32C2BCAD17600581B58 /* PostViewController.swift in Sources */ = {isa = PBXBuildFile; fileRef = 8E17A32B2BCAD17600581B58 /* PostViewController.swift */; };
		8E17A3302BCAF03300581B58 /* BaseCollectionView.swift in Sources */ = {isa = PBXBuildFile; fileRef = 8E17A32F2BCAF03300581B58 /* BaseCollectionView.swift */; };
		8E17A3322BCAF03D00581B58 /* BaseTableView.swift in Sources */ = {isa = PBXBuildFile; fileRef = 8E17A3312BCAF03D00581B58 /* BaseTableView.swift */; };
		8E17A3362BCAF33200581B58 /* PostRouter.swift in Sources */ = {isa = PBXBuildFile; fileRef = 8E17A3352BCAF33200581B58 /* PostRouter.swift */; };
		8E1BADE42BC965CC00A65075 /* AppDelegate.swift in Sources */ = {isa = PBXBuildFile; fileRef = 8E1BADE32BC965CC00A65075 /* AppDelegate.swift */; };
		8E1BADE62BC965CC00A65075 /* SceneDelegate.swift in Sources */ = {isa = PBXBuildFile; fileRef = 8E1BADE52BC965CC00A65075 /* SceneDelegate.swift */; };
		8E1BADED2BC965CD00A65075 /* Assets.xcassets in Resources */ = {isa = PBXBuildFile; fileRef = 8E1BADEC2BC965CD00A65075 /* Assets.xcassets */; };
		8E1BADF02BC965CD00A65075 /* Base in Resources */ = {isa = PBXBuildFile; fileRef = 8E1BADEF2BC965CD00A65075 /* Base */; };
		8E1BADF82BC966BA00A65075 /* PrivateKey.swift in Sources */ = {isa = PBXBuildFile; fileRef = 8E1BADF72BC966BA00A65075 /* PrivateKey.swift */; };
		8E1BADFC2BC968C100A65075 /* ReusableID.swift in Sources */ = {isa = PBXBuildFile; fileRef = 8E1BADF92BC968C100A65075 /* ReusableID.swift */; };
		8E1BADFD2BC968C100A65075 /* ViewModelType.swift in Sources */ = {isa = PBXBuildFile; fileRef = 8E1BADFA2BC968C100A65075 /* ViewModelType.swift */; };
		8E1BAE1D2BC968E500A65075 /* SignInViewController.swift in Sources */ = {isa = PBXBuildFile; fileRef = 8E1BAE052BC968E500A65075 /* SignInViewController.swift */; };
		8E1BAE1E2BC968E500A65075 /* SignInViewModel.swift in Sources */ = {isa = PBXBuildFile; fileRef = 8E1BAE062BC968E500A65075 /* SignInViewModel.swift */; };
		8E1BAE1F2BC968E500A65075 /* PasswordView.swift in Sources */ = {isa = PBXBuildFile; fileRef = 8E1BAE082BC968E500A65075 /* PasswordView.swift */; };
		8E1BAE202BC968E500A65075 /* PasswordViewController.swift in Sources */ = {isa = PBXBuildFile; fileRef = 8E1BAE092BC968E500A65075 /* PasswordViewController.swift */; };
		8E1BAE212BC968E500A65075 /* PasswordViewModel.swift in Sources */ = {isa = PBXBuildFile; fileRef = 8E1BAE0A2BC968E500A65075 /* PasswordViewModel.swift */; };
		8E1BAE222BC968E500A65075 /* SignUpView.swift in Sources */ = {isa = PBXBuildFile; fileRef = 8E1BAE0B2BC968E500A65075 /* SignUpView.swift */; };
		8E1BAE232BC968E500A65075 /* SignUpViewController.swift in Sources */ = {isa = PBXBuildFile; fileRef = 8E1BAE0C2BC968E500A65075 /* SignUpViewController.swift */; };
		8E1BAE242BC968E500A65075 /* SignUpViewModel.swift in Sources */ = {isa = PBXBuildFile; fileRef = 8E1BAE0D2BC968E500A65075 /* SignUpViewModel.swift */; };
		8E1BAE252BC968E500A65075 /* NicknameView.swift in Sources */ = {isa = PBXBuildFile; fileRef = 8E1BAE0F2BC968E500A65075 /* NicknameView.swift */; };
		8E1BAE262BC968E500A65075 /* NicknameViewController.swift in Sources */ = {isa = PBXBuildFile; fileRef = 8E1BAE102BC968E500A65075 /* NicknameViewController.swift */; };
		8E1BAE272BC968E500A65075 /* NicknameViewModel.swift in Sources */ = {isa = PBXBuildFile; fileRef = 8E1BAE112BC968E500A65075 /* NicknameViewModel.swift */; };
		8E1BAE332BC968EC00A65075 /* APIError.swift in Sources */ = {isa = PBXBuildFile; fileRef = 8E1BAE292BC968EB00A65075 /* APIError.swift */; };
		8E1BAE352BC968EC00A65075 /* HTTPHeader.swift in Sources */ = {isa = PBXBuildFile; fileRef = 8E1BAE2B2BC968EB00A65075 /* HTTPHeader.swift */; };
		8E1BAE362BC968EC00A65075 /* NetworkManager.swift in Sources */ = {isa = PBXBuildFile; fileRef = 8E1BAE2C2BC968EB00A65075 /* NetworkManager.swift */; };
		8E1BAE392BC968EC00A65075 /* TargetType.swift in Sources */ = {isa = PBXBuildFile; fileRef = 8E1BAE2F2BC968EB00A65075 /* TargetType.swift */; };
		8E1BAE3A2BC968EC00A65075 /* TokenIntercepter.swift in Sources */ = {isa = PBXBuildFile; fileRef = 8E1BAE302BC968EB00A65075 /* TokenIntercepter.swift */; };
		8E1BAE3B2BC968EC00A65075 /* UserRouter.swift in Sources */ = {isa = PBXBuildFile; fileRef = 8E1BAE312BC968EB00A65075 /* UserRouter.swift */; };
		8E1BAE3E2BC968F100A65075 /* UserDefaultsManager.swift in Sources */ = {isa = PBXBuildFile; fileRef = 8E1BAE3C2BC968F100A65075 /* UserDefaultsManager.swift */; };
		8E1BAE462BC968F900A65075 /* UIViewController+.swift in Sources */ = {isa = PBXBuildFile; fileRef = 8E1BAE422BC968F900A65075 /* UIViewController+.swift */; };
		8E1BAE4D2BC969DD00A65075 /* UITextField+.swift in Sources */ = {isa = PBXBuildFile; fileRef = 8E1BAE4C2BC969DD00A65075 /* UITextField+.swift */; };
		8E1BAE4F2BC96AA600A65075 /* DateManager.swift in Sources */ = {isa = PBXBuildFile; fileRef = 8E1BAE4E2BC96AA600A65075 /* DateManager.swift */; };
		8E1BAE522BC96AC500A65075 /* TabBarController.swift in Sources */ = {isa = PBXBuildFile; fileRef = 8E1BAE502BC96AC500A65075 /* TabBarController.swift */; };
		8E1BAE552BC97C1500A65075 /* Then in Frameworks */ = {isa = PBXBuildFile; productRef = 8E1BAE542BC97C1500A65075 /* Then */; };
		8E1BAE582BC97C2100A65075 /* Toast in Frameworks */ = {isa = PBXBuildFile; productRef = 8E1BAE572BC97C2100A65075 /* Toast */; };
		8E1BAE5B2BC97C2A00A65075 /* Alamofire in Frameworks */ = {isa = PBXBuildFile; productRef = 8E1BAE5A2BC97C2A00A65075 /* Alamofire */; };
		8E1BAE5E2BC97C3200A65075 /* Kingfisher in Frameworks */ = {isa = PBXBuildFile; productRef = 8E1BAE5D2BC97C3200A65075 /* Kingfisher */; };
		8E1BAE612BC97C4F00A65075 /* RxCocoa in Frameworks */ = {isa = PBXBuildFile; productRef = 8E1BAE602BC97C4F00A65075 /* RxCocoa */; };
		8E1BAE632BC97C4F00A65075 /* RxRelay in Frameworks */ = {isa = PBXBuildFile; productRef = 8E1BAE622BC97C4F00A65075 /* RxRelay */; };
		8E1BAE652BC97C4F00A65075 /* RxSwift in Frameworks */ = {isa = PBXBuildFile; productRef = 8E1BAE642BC97C4F00A65075 /* RxSwift */; };
		8E1BAE6B2BC97CD500A65075 /* Tabman in Frameworks */ = {isa = PBXBuildFile; productRef = 8E1BAE6A2BC97CD500A65075 /* Tabman */; };
		8E1BAE702BC97D5D00A65075 /* BaseViewController.swift in Sources */ = {isa = PBXBuildFile; fileRef = 8E1BAE6C2BC97D5D00A65075 /* BaseViewController.swift */; };
		8E1BAE712BC97D5D00A65075 /* BaseCollectionViewCell.swift in Sources */ = {isa = PBXBuildFile; fileRef = 8E1BAE6D2BC97D5D00A65075 /* BaseCollectionViewCell.swift */; };
		8E1BAE722BC97D5D00A65075 /* BaseView.swift in Sources */ = {isa = PBXBuildFile; fileRef = 8E1BAE6E2BC97D5D00A65075 /* BaseView.swift */; };
		8E1BAE732BC97D5D00A65075 /* BaseTableViewCell.swift in Sources */ = {isa = PBXBuildFile; fileRef = 8E1BAE6F2BC97D5D00A65075 /* BaseTableViewCell.swift */; };
		8E1BAE802BC97D9600A65075 /* lightGrayBackgroundImageView.swift in Sources */ = {isa = PBXBuildFile; fileRef = 8E1BAE782BC97D9600A65075 /* lightGrayBackgroundImageView.swift */; };
		8E1BAE862BC97FDE00A65075 /* SignInView.swift in Sources */ = {isa = PBXBuildFile; fileRef = 8E1BAE852BC97FDE00A65075 /* SignInView.swift */; };
		8E1BAE892BC97FF800A65075 /* PointTextField.swift in Sources */ = {isa = PBXBuildFile; fileRef = 8E1BAE872BC97FF700A65075 /* PointTextField.swift */; };
		8E1BAE8A2BC97FF800A65075 /* PointButton.swift in Sources */ = {isa = PBXBuildFile; fileRef = 8E1BAE882BC97FF800A65075 /* PointButton.swift */; };
		8E1BAE8D2BC9800B00A65075 /* Color.swift in Sources */ = {isa = PBXBuildFile; fileRef = 8E1BAE8B2BC9800B00A65075 /* Color.swift */; };
		8E1BAE962BC9883500A65075 /* Main.storyboard in Resources */ = {isa = PBXBuildFile; fileRef = 8E1BAE952BC9883500A65075 /* Main.storyboard */; };
		8E1BAE992BC993C100A65075 /* SnapKit in Frameworks */ = {isa = PBXBuildFile; productRef = 8E1BAE982BC993C100A65075 /* SnapKit */; };
		8E1BAE9E2BC99E7C00A65075 /* PointLabel.swift in Sources */ = {isa = PBXBuildFile; fileRef = 8E1BAE9D2BC99E7C00A65075 /* PointLabel.swift */; };
		8E1BAEA02BC99F3200A65075 /* PointBoldLabel.swift in Sources */ = {isa = PBXBuildFile; fileRef = 8E1BAE9F2BC99F3200A65075 /* PointBoldLabel.swift */; };
		8E83BC482BCBC134007E1637 /* Router.swift in Sources */ = {isa = PBXBuildFile; fileRef = 8E83BC472BCBC134007E1637 /* Router.swift */; };
		8E887CDB2BD417D600E95008 /* MenuButton.swift in Sources */ = {isa = PBXBuildFile; fileRef = 8E887CDA2BD417D600E95008 /* MenuButton.swift */; };
		8E9A3FCC2BCD7255005E4F45 /* UIImageView+.swift in Sources */ = {isa = PBXBuildFile; fileRef = 8E9A3FCB2BCD7255005E4F45 /* UIImageView+.swift */; };
		8E9A3FD02BCD81BA005E4F45 /* PostCollectionViewCell.swift in Sources */ = {isa = PBXBuildFile; fileRef = 8E9A3FCF2BCD81BA005E4F45 /* PostCollectionViewCell.swift */; };
		8E9A3FD22BCD8455005E4F45 /* UICollectionViewLayout+.swift in Sources */ = {isa = PBXBuildFile; fileRef = 8E9A3FD12BCD8455005E4F45 /* UICollectionViewLayout+.swift */; };
		8E9A3FD52BCD9498005E4F45 /* SettingView.swift in Sources */ = {isa = PBXBuildFile; fileRef = 8E9A3FD42BCD9498005E4F45 /* SettingView.swift */; };
		8E9A3FD72BCD94A2005E4F45 /* SettingViewController.swift in Sources */ = {isa = PBXBuildFile; fileRef = 8E9A3FD62BCD94A2005E4F45 /* SettingViewController.swift */; };
		8E9A3FD92BCD94A9005E4F45 /* SettingViewModel.swift in Sources */ = {isa = PBXBuildFile; fileRef = 8E9A3FD82BCD94A9005E4F45 /* SettingViewModel.swift */; };
		8E9A3FDB2BCD9530005E4F45 /* SettingTableViewCell.swift in Sources */ = {isa = PBXBuildFile; fileRef = 8E9A3FDA2BCD9530005E4F45 /* SettingTableViewCell.swift */; };
		8E9A3FE42BCEBD8F005E4F45 /* WritePostView.swift in Sources */ = {isa = PBXBuildFile; fileRef = 8E9A3FE32BCEBD8F005E4F45 /* WritePostView.swift */; };
		8E9A3FE62BCEBD98005E4F45 /* WritePostViewController.swift in Sources */ = {isa = PBXBuildFile; fileRef = 8E9A3FE52BCEBD98005E4F45 /* WritePostViewController.swift */; };
		8E9A3FE82BCEBDA8005E4F45 /* WritePostViewModel.swift in Sources */ = {isa = PBXBuildFile; fileRef = 8E9A3FE72BCEBDA8005E4F45 /* WritePostViewModel.swift */; };
		8E9A3FF62BCEE291005E4F45 /* UserRequest.swift in Sources */ = {isa = PBXBuildFile; fileRef = 8E9A3FF52BCEE291005E4F45 /* UserRequest.swift */; };
		8E9A3FF82BCEE2CE005E4F45 /* UserResponse.swift in Sources */ = {isa = PBXBuildFile; fileRef = 8E9A3FF72BCEE2CE005E4F45 /* UserResponse.swift */; };
		8E9A3FFA2BCEE2D5005E4F45 /* PostResponse.swift in Sources */ = {isa = PBXBuildFile; fileRef = 8E9A3FF92BCEE2D5005E4F45 /* PostResponse.swift */; };
		8E9A3FFC2BCEE2DD005E4F45 /* ErrorResponse.swift in Sources */ = {isa = PBXBuildFile; fileRef = 8E9A3FFB2BCEE2DC005E4F45 /* ErrorResponse.swift */; };
		8E9A40102BCFBB36005E4F45 /* PostRequest.swift in Sources */ = {isa = PBXBuildFile; fileRef = 8E9A400F2BCFBB36005E4F45 /* PostRequest.swift */; };
		8E9A40122BCFC196005E4F45 /* ImageCollectionViewCell.swift in Sources */ = {isa = PBXBuildFile; fileRef = 8E9A40112BCFC196005E4F45 /* ImageCollectionViewCell.swift */; };
		8E9A40142BCFD3D3005E4F45 /* PointTextView.swift in Sources */ = {isa = PBXBuildFile; fileRef = 8E9A40132BCFD3D3005E4F45 /* PointTextView.swift */; };
		8E9A40162BCFE9C8005E4F45 /* WhiteButton.swift in Sources */ = {isa = PBXBuildFile; fileRef = 8E9A40152BCFE9C8005E4F45 /* WhiteButton.swift */; };
		8E9A40192BCFFADE005E4F45 /* IQKeyboardManagerSwift in Frameworks */ = {isa = PBXBuildFile; productRef = 8E9A40182BCFFADE005E4F45 /* IQKeyboardManagerSwift */; };
		8EA59CE52BD19240009938E0 /* CommentRouter.swift in Sources */ = {isa = PBXBuildFile; fileRef = 8EA59CE42BD19240009938E0 /* CommentRouter.swift */; };
		8EA59CE72BD196FF009938E0 /* CommentRequest.swift in Sources */ = {isa = PBXBuildFile; fileRef = 8EA59CE62BD196FF009938E0 /* CommentRequest.swift */; };
		8EA59CE92BD19D56009938E0 /* PathVersion.swift in Sources */ = {isa = PBXBuildFile; fileRef = 8EA59CE82BD19D56009938E0 /* PathVersion.swift */; };
		8EA59CEB2BD1A562009938E0 /* CommentResponse.swift in Sources */ = {isa = PBXBuildFile; fileRef = 8EA59CEA2BD1A562009938E0 /* CommentResponse.swift */; };
		8EA59CED2BD1A64D009938E0 /* CreatorResponse.swift in Sources */ = {isa = PBXBuildFile; fileRef = 8EA59CEC2BD1A64D009938E0 /* CreatorResponse.swift */; };
		8EA59D0D2BD25B3C009938E0 /* ImageButton.swift in Sources */ = {isa = PBXBuildFile; fileRef = 8EA59D0C2BD25B3C009938E0 /* ImageButton.swift */; };
		8EA59D152BD28284009938E0 /* String+.swift in Sources */ = {isa = PBXBuildFile; fileRef = 8EA59D142BD28284009938E0 /* String+.swift */; };
		8ED3AE1C2BD14B890040DA58 /* DetailPostView.swift in Sources */ = {isa = PBXBuildFile; fileRef = 8ED3AE1B2BD14B890040DA58 /* DetailPostView.swift */; };
		8ED3AE1E2BD14B920040DA58 /* DetailPostViewController.swift in Sources */ = {isa = PBXBuildFile; fileRef = 8ED3AE1D2BD14B920040DA58 /* DetailPostViewController.swift */; };
		8ED3AE202BD14B9B0040DA58 /* DetailPostViewModel.swift in Sources */ = {isa = PBXBuildFile; fileRef = 8ED3AE1F2BD14B9B0040DA58 /* DetailPostViewModel.swift */; };
		8ED3AE222BD15C960040DA58 /* CommentsTableViewCell.swift in Sources */ = {isa = PBXBuildFile; fileRef = 8ED3AE212BD15C960040DA58 /* CommentsTableViewCell.swift */; };
		8ED3AE242BD171C10040DA58 /* DetailPostCollectionViewCell.swift in Sources */ = {isa = PBXBuildFile; fileRef = 8ED3AE232BD171C10040DA58 /* DetailPostCollectionViewCell.swift */; };
		8ED8B7432BD556BC009B4387 /* TransitionStyle.swift in Sources */ = {isa = PBXBuildFile; fileRef = 8ED8B7422BD556BC009B4387 /* TransitionStyle.swift */; };
		8ED8B7572BD65C9E009B4387 /* HelperString.swift in Sources */ = {isa = PBXBuildFile; fileRef = 8ED8B7562BD65C9E009B4387 /* HelperString.swift */; };
		8ED8B7592BD6913D009B4387 /* UIScrollView+.swift in Sources */ = {isa = PBXBuildFile; fileRef = 8ED8B7582BD6913D009B4387 /* UIScrollView+.swift */; };
		8ED8B76C2BD80FFD009B4387 /* EventManager.swift in Sources */ = {isa = PBXBuildFile; fileRef = 8ED8B76B2BD80FFD009B4387 /* EventManager.swift */; };
		8ED8B76F2BD81F2D009B4387 /* EditProfileView.swift in Sources */ = {isa = PBXBuildFile; fileRef = 8ED8B76E2BD81F2D009B4387 /* EditProfileView.swift */; };
		8ED8B7712BD81F36009B4387 /* EditProfileViewController.swift in Sources */ = {isa = PBXBuildFile; fileRef = 8ED8B7702BD81F36009B4387 /* EditProfileViewController.swift */; };
		8ED8B7732BD81F3E009B4387 /* EditProfileViewModel.swift in Sources */ = {isa = PBXBuildFile; fileRef = 8ED8B7722BD81F3E009B4387 /* EditProfileViewModel.swift */; };
		8ED8B7752BD8F9CD009B4387 /* EditProfileTableViewCell.swift in Sources */ = {isa = PBXBuildFile; fileRef = 8ED8B7742BD8F9CD009B4387 /* EditProfileTableViewCell.swift */; };
		8ED8B7792BD91064009B4387 /* DetailEditProfileView.swift in Sources */ = {isa = PBXBuildFile; fileRef = 8ED8B7782BD91064009B4387 /* DetailEditProfileView.swift */; };
		8ED8B77B2BD91070009B4387 /* DetailEditProfileViewController.swift in Sources */ = {isa = PBXBuildFile; fileRef = 8ED8B77A2BD91070009B4387 /* DetailEditProfileViewController.swift */; };
		8ED8B77D2BD9107E009B4387 /* DetailEditProfileViewModel.swift in Sources */ = {isa = PBXBuildFile; fileRef = 8ED8B77C2BD9107E009B4387 /* DetailEditProfileViewModel.swift */; };
		8ED8B77F2BD93A83009B4387 /* PostsView.swift in Sources */ = {isa = PBXBuildFile; fileRef = 8ED8B77E2BD93A83009B4387 /* PostsView.swift */; };
/* End PBXBuildFile section */

/* Begin PBXFileReference section */
		8E17A2DB2BCA267000581B58 /* RedColorLabel.swift */ = {isa = PBXFileReference; lastKnownFileType = sourcecode.swift; path = RedColorLabel.swift; sourceTree = "<group>"; };
		8E17A2DD2BCA31D400581B58 /* ViewModelType+.swift */ = {isa = PBXFileReference; lastKnownFileType = sourcecode.swift; path = "ViewModelType+.swift"; sourceTree = "<group>"; };
		8E17A2E12BCA3D7800581B58 /* PhoneView.swift */ = {isa = PBXFileReference; lastKnownFileType = sourcecode.swift; path = PhoneView.swift; sourceTree = "<group>"; };
		8E17A2E32BCA3D7F00581B58 /* PhoneViewController.swift */ = {isa = PBXFileReference; lastKnownFileType = sourcecode.swift; path = PhoneViewController.swift; sourceTree = "<group>"; };
		8E17A2E52BCA3D8600581B58 /* PhoneViewModel.swift */ = {isa = PBXFileReference; lastKnownFileType = sourcecode.swift; path = PhoneViewModel.swift; sourceTree = "<group>"; };
		8E17A2E72BCA3E6500581B58 /* UserProfileManager.swift */ = {isa = PBXFileReference; lastKnownFileType = sourcecode.swift; path = UserProfileManager.swift; sourceTree = "<group>"; };
		8E17A2E92BCA59C100581B58 /* BirthdayView.swift */ = {isa = PBXFileReference; lastKnownFileType = sourcecode.swift; path = BirthdayView.swift; sourceTree = "<group>"; };
		8E17A2EB2BCA59C800581B58 /* BirthdayViewController.swift */ = {isa = PBXFileReference; lastKnownFileType = sourcecode.swift; path = BirthdayViewController.swift; sourceTree = "<group>"; };
		8E17A2ED2BCA59D000581B58 /* BirthdayViewModel.swift */ = {isa = PBXFileReference; lastKnownFileType = sourcecode.swift; path = BirthdayViewModel.swift; sourceTree = "<group>"; };
		8E17A2F02BCA7D9F00581B58 /* FindingView.swift */ = {isa = PBXFileReference; lastKnownFileType = sourcecode.swift; path = FindingView.swift; sourceTree = "<group>"; };
		8E17A2F22BCA7DA800581B58 /* FindingViewController.swift */ = {isa = PBXFileReference; lastKnownFileType = sourcecode.swift; path = FindingViewController.swift; sourceTree = "<group>"; };
		8E17A2F42BCA7DAE00581B58 /* FindingViewModel.swift */ = {isa = PBXFileReference; lastKnownFileType = sourcecode.swift; path = FindingViewModel.swift; sourceTree = "<group>"; };
		8E17A2F62BCA7F1D00581B58 /* PostTabViewController.swift */ = {isa = PBXFileReference; lastKnownFileType = sourcecode.swift; path = PostTabViewController.swift; sourceTree = "<group>"; };
		8E17A2FD2BCA80AF00581B58 /* FoundView.swift */ = {isa = PBXFileReference; lastKnownFileType = sourcecode.swift; path = FoundView.swift; sourceTree = "<group>"; };
		8E17A2FF2BCA80B900581B58 /* FoundViewController.swift */ = {isa = PBXFileReference; lastKnownFileType = sourcecode.swift; path = FoundViewController.swift; sourceTree = "<group>"; };
		8E17A3012BCA80BF00581B58 /* FoundViewModel.swift */ = {isa = PBXFileReference; lastKnownFileType = sourcecode.swift; path = FoundViewModel.swift; sourceTree = "<group>"; };
		8E17A3052BCA8F9200581B58 /* SearchView.swift */ = {isa = PBXFileReference; lastKnownFileType = sourcecode.swift; path = SearchView.swift; sourceTree = "<group>"; };
		8E17A3072BCA8F9900581B58 /* SearchViewController.swift */ = {isa = PBXFileReference; lastKnownFileType = sourcecode.swift; path = SearchViewController.swift; sourceTree = "<group>"; };
		8E17A30B2BCA8FA900581B58 /* SearchViewModel.swift */ = {isa = PBXFileReference; lastKnownFileType = sourcecode.swift; path = SearchViewModel.swift; sourceTree = "<group>"; };
		8E17A30D2BCA8FBF00581B58 /* MyProfileView.swift */ = {isa = PBXFileReference; lastKnownFileType = sourcecode.swift; path = MyProfileView.swift; sourceTree = "<group>"; };
		8E17A30F2BCA8FC800581B58 /* MyProfileViewController.swift */ = {isa = PBXFileReference; lastKnownFileType = sourcecode.swift; path = MyProfileViewController.swift; sourceTree = "<group>"; };
		8E17A3112BCA8FCF00581B58 /* MyProfileViewModel.swift */ = {isa = PBXFileReference; lastKnownFileType = sourcecode.swift; path = MyProfileViewModel.swift; sourceTree = "<group>"; };
		8E17A3162BCAC58A00581B58 /* MyPostViewController.swift */ = {isa = PBXFileReference; lastKnownFileType = sourcecode.swift; path = MyPostViewController.swift; sourceTree = "<group>"; };
		8E17A3182BCAC59400581B58 /* MyPostViewModel.swift */ = {isa = PBXFileReference; lastKnownFileType = sourcecode.swift; path = MyPostViewModel.swift; sourceTree = "<group>"; };
		8E17A31B2BCAC61900581B58 /* MyStoragePostView.swift */ = {isa = PBXFileReference; lastKnownFileType = sourcecode.swift; path = MyStoragePostView.swift; sourceTree = "<group>"; };
		8E17A31D2BCAC62B00581B58 /* MyStoragePostViewController.swift */ = {isa = PBXFileReference; lastKnownFileType = sourcecode.swift; path = MyStoragePostViewController.swift; sourceTree = "<group>"; };
		8E17A31F2BCAC63C00581B58 /* MyStorageViewModel.swift */ = {isa = PBXFileReference; lastKnownFileType = sourcecode.swift; path = MyStorageViewModel.swift; sourceTree = "<group>"; };
		8E17A3222BCAC87E00581B58 /* MyProfileTabViewController.swift */ = {isa = PBXFileReference; lastKnownFileType = sourcecode.swift; path = MyProfileTabViewController.swift; sourceTree = "<group>"; };
		8E17A3292BCAD16E00581B58 /* PostView.swift */ = {isa = PBXFileReference; lastKnownFileType = sourcecode.swift; path = PostView.swift; sourceTree = "<group>"; };
		8E17A32B2BCAD17600581B58 /* PostViewController.swift */ = {isa = PBXFileReference; lastKnownFileType = sourcecode.swift; path = PostViewController.swift; sourceTree = "<group>"; };
		8E17A32F2BCAF03300581B58 /* BaseCollectionView.swift */ = {isa = PBXFileReference; lastKnownFileType = sourcecode.swift; path = BaseCollectionView.swift; sourceTree = "<group>"; };
		8E17A3312BCAF03D00581B58 /* BaseTableView.swift */ = {isa = PBXFileReference; lastKnownFileType = sourcecode.swift; path = BaseTableView.swift; sourceTree = "<group>"; };
		8E17A3352BCAF33200581B58 /* PostRouter.swift */ = {isa = PBXFileReference; lastKnownFileType = sourcecode.swift; path = PostRouter.swift; sourceTree = "<group>"; };
		8E1BADE02BC965CC00A65075 /* Helper.app */ = {isa = PBXFileReference; explicitFileType = wrapper.application; includeInIndex = 0; path = Helper.app; sourceTree = BUILT_PRODUCTS_DIR; };
		8E1BADE32BC965CC00A65075 /* AppDelegate.swift */ = {isa = PBXFileReference; lastKnownFileType = sourcecode.swift; path = AppDelegate.swift; sourceTree = "<group>"; };
		8E1BADE52BC965CC00A65075 /* SceneDelegate.swift */ = {isa = PBXFileReference; lastKnownFileType = sourcecode.swift; path = SceneDelegate.swift; sourceTree = "<group>"; };
		8E1BADEC2BC965CD00A65075 /* Assets.xcassets */ = {isa = PBXFileReference; lastKnownFileType = folder.assetcatalog; path = Assets.xcassets; sourceTree = "<group>"; };
		8E1BADEF2BC965CD00A65075 /* Base */ = {isa = PBXFileReference; lastKnownFileType = file.storyboard; name = Base; path = Base.lproj/LaunchScreen.storyboard; sourceTree = "<group>"; };
		8E1BADF12BC965CD00A65075 /* Info.plist */ = {isa = PBXFileReference; lastKnownFileType = text.plist.xml; path = Info.plist; sourceTree = "<group>"; };
		8E1BADF72BC966BA00A65075 /* PrivateKey.swift */ = {isa = PBXFileReference; lastKnownFileType = sourcecode.swift; path = PrivateKey.swift; sourceTree = "<group>"; };
		8E1BADF92BC968C100A65075 /* ReusableID.swift */ = {isa = PBXFileReference; fileEncoding = 4; lastKnownFileType = sourcecode.swift; path = ReusableID.swift; sourceTree = "<group>"; };
		8E1BADFA2BC968C100A65075 /* ViewModelType.swift */ = {isa = PBXFileReference; fileEncoding = 4; lastKnownFileType = sourcecode.swift; path = ViewModelType.swift; sourceTree = "<group>"; };
		8E1BAE052BC968E500A65075 /* SignInViewController.swift */ = {isa = PBXFileReference; fileEncoding = 4; lastKnownFileType = sourcecode.swift; path = SignInViewController.swift; sourceTree = "<group>"; };
		8E1BAE062BC968E500A65075 /* SignInViewModel.swift */ = {isa = PBXFileReference; fileEncoding = 4; lastKnownFileType = sourcecode.swift; path = SignInViewModel.swift; sourceTree = "<group>"; };
		8E1BAE082BC968E500A65075 /* PasswordView.swift */ = {isa = PBXFileReference; fileEncoding = 4; lastKnownFileType = sourcecode.swift; path = PasswordView.swift; sourceTree = "<group>"; };
		8E1BAE092BC968E500A65075 /* PasswordViewController.swift */ = {isa = PBXFileReference; fileEncoding = 4; lastKnownFileType = sourcecode.swift; path = PasswordViewController.swift; sourceTree = "<group>"; };
		8E1BAE0A2BC968E500A65075 /* PasswordViewModel.swift */ = {isa = PBXFileReference; fileEncoding = 4; lastKnownFileType = sourcecode.swift; path = PasswordViewModel.swift; sourceTree = "<group>"; };
		8E1BAE0B2BC968E500A65075 /* SignUpView.swift */ = {isa = PBXFileReference; fileEncoding = 4; lastKnownFileType = sourcecode.swift; path = SignUpView.swift; sourceTree = "<group>"; };
		8E1BAE0C2BC968E500A65075 /* SignUpViewController.swift */ = {isa = PBXFileReference; fileEncoding = 4; lastKnownFileType = sourcecode.swift; path = SignUpViewController.swift; sourceTree = "<group>"; };
		8E1BAE0D2BC968E500A65075 /* SignUpViewModel.swift */ = {isa = PBXFileReference; fileEncoding = 4; lastKnownFileType = sourcecode.swift; path = SignUpViewModel.swift; sourceTree = "<group>"; };
		8E1BAE0F2BC968E500A65075 /* NicknameView.swift */ = {isa = PBXFileReference; fileEncoding = 4; lastKnownFileType = sourcecode.swift; path = NicknameView.swift; sourceTree = "<group>"; };
		8E1BAE102BC968E500A65075 /* NicknameViewController.swift */ = {isa = PBXFileReference; fileEncoding = 4; lastKnownFileType = sourcecode.swift; path = NicknameViewController.swift; sourceTree = "<group>"; };
		8E1BAE112BC968E500A65075 /* NicknameViewModel.swift */ = {isa = PBXFileReference; fileEncoding = 4; lastKnownFileType = sourcecode.swift; path = NicknameViewModel.swift; sourceTree = "<group>"; };
		8E1BAE292BC968EB00A65075 /* APIError.swift */ = {isa = PBXFileReference; fileEncoding = 4; lastKnownFileType = sourcecode.swift; path = APIError.swift; sourceTree = "<group>"; };
		8E1BAE2B2BC968EB00A65075 /* HTTPHeader.swift */ = {isa = PBXFileReference; fileEncoding = 4; lastKnownFileType = sourcecode.swift; path = HTTPHeader.swift; sourceTree = "<group>"; };
		8E1BAE2C2BC968EB00A65075 /* NetworkManager.swift */ = {isa = PBXFileReference; fileEncoding = 4; lastKnownFileType = sourcecode.swift; path = NetworkManager.swift; sourceTree = "<group>"; };
		8E1BAE2F2BC968EB00A65075 /* TargetType.swift */ = {isa = PBXFileReference; fileEncoding = 4; lastKnownFileType = sourcecode.swift; path = TargetType.swift; sourceTree = "<group>"; };
		8E1BAE302BC968EB00A65075 /* TokenIntercepter.swift */ = {isa = PBXFileReference; fileEncoding = 4; lastKnownFileType = sourcecode.swift; path = TokenIntercepter.swift; sourceTree = "<group>"; };
		8E1BAE312BC968EB00A65075 /* UserRouter.swift */ = {isa = PBXFileReference; fileEncoding = 4; lastKnownFileType = sourcecode.swift; path = UserRouter.swift; sourceTree = "<group>"; };
		8E1BAE3C2BC968F100A65075 /* UserDefaultsManager.swift */ = {isa = PBXFileReference; fileEncoding = 4; lastKnownFileType = sourcecode.swift; path = UserDefaultsManager.swift; sourceTree = "<group>"; };
		8E1BAE422BC968F900A65075 /* UIViewController+.swift */ = {isa = PBXFileReference; fileEncoding = 4; lastKnownFileType = sourcecode.swift; path = "UIViewController+.swift"; sourceTree = "<group>"; };
		8E1BAE4C2BC969DD00A65075 /* UITextField+.swift */ = {isa = PBXFileReference; fileEncoding = 4; lastKnownFileType = sourcecode.swift; path = "UITextField+.swift"; sourceTree = "<group>"; };
		8E1BAE4E2BC96AA600A65075 /* DateManager.swift */ = {isa = PBXFileReference; fileEncoding = 4; lastKnownFileType = sourcecode.swift; path = DateManager.swift; sourceTree = "<group>"; };
		8E1BAE502BC96AC500A65075 /* TabBarController.swift */ = {isa = PBXFileReference; fileEncoding = 4; lastKnownFileType = sourcecode.swift; path = TabBarController.swift; sourceTree = "<group>"; };
		8E1BAE6C2BC97D5D00A65075 /* BaseViewController.swift */ = {isa = PBXFileReference; fileEncoding = 4; lastKnownFileType = sourcecode.swift; path = BaseViewController.swift; sourceTree = "<group>"; };
		8E1BAE6D2BC97D5D00A65075 /* BaseCollectionViewCell.swift */ = {isa = PBXFileReference; fileEncoding = 4; lastKnownFileType = sourcecode.swift; path = BaseCollectionViewCell.swift; sourceTree = "<group>"; };
		8E1BAE6E2BC97D5D00A65075 /* BaseView.swift */ = {isa = PBXFileReference; fileEncoding = 4; lastKnownFileType = sourcecode.swift; path = BaseView.swift; sourceTree = "<group>"; };
		8E1BAE6F2BC97D5D00A65075 /* BaseTableViewCell.swift */ = {isa = PBXFileReference; fileEncoding = 4; lastKnownFileType = sourcecode.swift; path = BaseTableViewCell.swift; sourceTree = "<group>"; };
		8E1BAE782BC97D9600A65075 /* lightGrayBackgroundImageView.swift */ = {isa = PBXFileReference; fileEncoding = 4; lastKnownFileType = sourcecode.swift; path = lightGrayBackgroundImageView.swift; sourceTree = "<group>"; };
		8E1BAE852BC97FDE00A65075 /* SignInView.swift */ = {isa = PBXFileReference; lastKnownFileType = sourcecode.swift; path = SignInView.swift; sourceTree = "<group>"; };
		8E1BAE872BC97FF700A65075 /* PointTextField.swift */ = {isa = PBXFileReference; fileEncoding = 4; lastKnownFileType = sourcecode.swift; path = PointTextField.swift; sourceTree = "<group>"; };
		8E1BAE882BC97FF800A65075 /* PointButton.swift */ = {isa = PBXFileReference; fileEncoding = 4; lastKnownFileType = sourcecode.swift; path = PointButton.swift; sourceTree = "<group>"; };
		8E1BAE8B2BC9800B00A65075 /* Color.swift */ = {isa = PBXFileReference; fileEncoding = 4; lastKnownFileType = sourcecode.swift; path = Color.swift; sourceTree = "<group>"; };
		8E1BAE952BC9883500A65075 /* Main.storyboard */ = {isa = PBXFileReference; lastKnownFileType = file.storyboard; path = Main.storyboard; sourceTree = "<group>"; };
		8E1BAE9D2BC99E7C00A65075 /* PointLabel.swift */ = {isa = PBXFileReference; lastKnownFileType = sourcecode.swift; path = PointLabel.swift; sourceTree = "<group>"; };
		8E1BAE9F2BC99F3200A65075 /* PointBoldLabel.swift */ = {isa = PBXFileReference; lastKnownFileType = sourcecode.swift; path = PointBoldLabel.swift; sourceTree = "<group>"; };
		8E83BC472BCBC134007E1637 /* Router.swift */ = {isa = PBXFileReference; lastKnownFileType = sourcecode.swift; path = Router.swift; sourceTree = "<group>"; };
		8E887CDA2BD417D600E95008 /* MenuButton.swift */ = {isa = PBXFileReference; lastKnownFileType = sourcecode.swift; path = MenuButton.swift; sourceTree = "<group>"; };
		8E9A3FCB2BCD7255005E4F45 /* UIImageView+.swift */ = {isa = PBXFileReference; lastKnownFileType = sourcecode.swift; path = "UIImageView+.swift"; sourceTree = "<group>"; };
		8E9A3FCF2BCD81BA005E4F45 /* PostCollectionViewCell.swift */ = {isa = PBXFileReference; lastKnownFileType = sourcecode.swift; path = PostCollectionViewCell.swift; sourceTree = "<group>"; };
		8E9A3FD12BCD8455005E4F45 /* UICollectionViewLayout+.swift */ = {isa = PBXFileReference; lastKnownFileType = sourcecode.swift; path = "UICollectionViewLayout+.swift"; sourceTree = "<group>"; };
		8E9A3FD42BCD9498005E4F45 /* SettingView.swift */ = {isa = PBXFileReference; lastKnownFileType = sourcecode.swift; path = SettingView.swift; sourceTree = "<group>"; };
		8E9A3FD62BCD94A2005E4F45 /* SettingViewController.swift */ = {isa = PBXFileReference; lastKnownFileType = sourcecode.swift; path = SettingViewController.swift; sourceTree = "<group>"; };
		8E9A3FD82BCD94A9005E4F45 /* SettingViewModel.swift */ = {isa = PBXFileReference; lastKnownFileType = sourcecode.swift; path = SettingViewModel.swift; sourceTree = "<group>"; };
		8E9A3FDA2BCD9530005E4F45 /* SettingTableViewCell.swift */ = {isa = PBXFileReference; lastKnownFileType = sourcecode.swift; path = SettingTableViewCell.swift; sourceTree = "<group>"; };
		8E9A3FE32BCEBD8F005E4F45 /* WritePostView.swift */ = {isa = PBXFileReference; lastKnownFileType = sourcecode.swift; path = WritePostView.swift; sourceTree = "<group>"; };
		8E9A3FE52BCEBD98005E4F45 /* WritePostViewController.swift */ = {isa = PBXFileReference; lastKnownFileType = sourcecode.swift; path = WritePostViewController.swift; sourceTree = "<group>"; };
		8E9A3FE72BCEBDA8005E4F45 /* WritePostViewModel.swift */ = {isa = PBXFileReference; lastKnownFileType = sourcecode.swift; path = WritePostViewModel.swift; sourceTree = "<group>"; };
		8E9A3FF52BCEE291005E4F45 /* UserRequest.swift */ = {isa = PBXFileReference; lastKnownFileType = sourcecode.swift; path = UserRequest.swift; sourceTree = "<group>"; };
		8E9A3FF72BCEE2CE005E4F45 /* UserResponse.swift */ = {isa = PBXFileReference; lastKnownFileType = sourcecode.swift; path = UserResponse.swift; sourceTree = "<group>"; };
		8E9A3FF92BCEE2D5005E4F45 /* PostResponse.swift */ = {isa = PBXFileReference; lastKnownFileType = sourcecode.swift; path = PostResponse.swift; sourceTree = "<group>"; };
		8E9A3FFB2BCEE2DC005E4F45 /* ErrorResponse.swift */ = {isa = PBXFileReference; lastKnownFileType = sourcecode.swift; path = ErrorResponse.swift; sourceTree = "<group>"; };
		8E9A400F2BCFBB36005E4F45 /* PostRequest.swift */ = {isa = PBXFileReference; lastKnownFileType = sourcecode.swift; path = PostRequest.swift; sourceTree = "<group>"; };
		8E9A40112BCFC196005E4F45 /* ImageCollectionViewCell.swift */ = {isa = PBXFileReference; lastKnownFileType = sourcecode.swift; path = ImageCollectionViewCell.swift; sourceTree = "<group>"; };
		8E9A40132BCFD3D3005E4F45 /* PointTextView.swift */ = {isa = PBXFileReference; lastKnownFileType = sourcecode.swift; path = PointTextView.swift; sourceTree = "<group>"; };
		8E9A40152BCFE9C8005E4F45 /* WhiteButton.swift */ = {isa = PBXFileReference; lastKnownFileType = sourcecode.swift; path = WhiteButton.swift; sourceTree = "<group>"; };
		8EA59CE42BD19240009938E0 /* CommentRouter.swift */ = {isa = PBXFileReference; lastKnownFileType = sourcecode.swift; path = CommentRouter.swift; sourceTree = "<group>"; };
		8EA59CE62BD196FF009938E0 /* CommentRequest.swift */ = {isa = PBXFileReference; lastKnownFileType = sourcecode.swift; path = CommentRequest.swift; sourceTree = "<group>"; };
		8EA59CE82BD19D56009938E0 /* PathVersion.swift */ = {isa = PBXFileReference; lastKnownFileType = sourcecode.swift; path = PathVersion.swift; sourceTree = "<group>"; };
		8EA59CEA2BD1A562009938E0 /* CommentResponse.swift */ = {isa = PBXFileReference; lastKnownFileType = sourcecode.swift; path = CommentResponse.swift; sourceTree = "<group>"; };
		8EA59CEC2BD1A64D009938E0 /* CreatorResponse.swift */ = {isa = PBXFileReference; lastKnownFileType = sourcecode.swift; path = CreatorResponse.swift; sourceTree = "<group>"; };
		8EA59D0C2BD25B3C009938E0 /* ImageButton.swift */ = {isa = PBXFileReference; lastKnownFileType = sourcecode.swift; path = ImageButton.swift; sourceTree = "<group>"; };
		8EA59D142BD28284009938E0 /* String+.swift */ = {isa = PBXFileReference; lastKnownFileType = sourcecode.swift; path = "String+.swift"; sourceTree = "<group>"; };
		8ED3AE1B2BD14B890040DA58 /* DetailPostView.swift */ = {isa = PBXFileReference; lastKnownFileType = sourcecode.swift; path = DetailPostView.swift; sourceTree = "<group>"; };
		8ED3AE1D2BD14B920040DA58 /* DetailPostViewController.swift */ = {isa = PBXFileReference; lastKnownFileType = sourcecode.swift; path = DetailPostViewController.swift; sourceTree = "<group>"; };
		8ED3AE1F2BD14B9B0040DA58 /* DetailPostViewModel.swift */ = {isa = PBXFileReference; lastKnownFileType = sourcecode.swift; path = DetailPostViewModel.swift; sourceTree = "<group>"; };
		8ED3AE212BD15C960040DA58 /* CommentsTableViewCell.swift */ = {isa = PBXFileReference; lastKnownFileType = sourcecode.swift; path = CommentsTableViewCell.swift; sourceTree = "<group>"; };
		8ED3AE232BD171C10040DA58 /* DetailPostCollectionViewCell.swift */ = {isa = PBXFileReference; lastKnownFileType = sourcecode.swift; path = DetailPostCollectionViewCell.swift; sourceTree = "<group>"; };
		8ED8B7422BD556BC009B4387 /* TransitionStyle.swift */ = {isa = PBXFileReference; lastKnownFileType = sourcecode.swift; path = TransitionStyle.swift; sourceTree = "<group>"; };
		8ED8B7562BD65C9E009B4387 /* HelperString.swift */ = {isa = PBXFileReference; lastKnownFileType = sourcecode.swift; path = HelperString.swift; sourceTree = "<group>"; };
		8ED8B7582BD6913D009B4387 /* UIScrollView+.swift */ = {isa = PBXFileReference; lastKnownFileType = sourcecode.swift; path = "UIScrollView+.swift"; sourceTree = "<group>"; };
		8ED8B76B2BD80FFD009B4387 /* EventManager.swift */ = {isa = PBXFileReference; lastKnownFileType = sourcecode.swift; path = EventManager.swift; sourceTree = "<group>"; };
		8ED8B76E2BD81F2D009B4387 /* EditProfileView.swift */ = {isa = PBXFileReference; lastKnownFileType = sourcecode.swift; path = EditProfileView.swift; sourceTree = "<group>"; };
		8ED8B7702BD81F36009B4387 /* EditProfileViewController.swift */ = {isa = PBXFileReference; lastKnownFileType = sourcecode.swift; path = EditProfileViewController.swift; sourceTree = "<group>"; };
		8ED8B7722BD81F3E009B4387 /* EditProfileViewModel.swift */ = {isa = PBXFileReference; lastKnownFileType = sourcecode.swift; path = EditProfileViewModel.swift; sourceTree = "<group>"; };
		8ED8B7742BD8F9CD009B4387 /* EditProfileTableViewCell.swift */ = {isa = PBXFileReference; lastKnownFileType = sourcecode.swift; path = EditProfileTableViewCell.swift; sourceTree = "<group>"; };
		8ED8B7782BD91064009B4387 /* DetailEditProfileView.swift */ = {isa = PBXFileReference; lastKnownFileType = sourcecode.swift; path = DetailEditProfileView.swift; sourceTree = "<group>"; };
		8ED8B77A2BD91070009B4387 /* DetailEditProfileViewController.swift */ = {isa = PBXFileReference; lastKnownFileType = sourcecode.swift; path = DetailEditProfileViewController.swift; sourceTree = "<group>"; };
		8ED8B77C2BD9107E009B4387 /* DetailEditProfileViewModel.swift */ = {isa = PBXFileReference; lastKnownFileType = sourcecode.swift; path = DetailEditProfileViewModel.swift; sourceTree = "<group>"; };
		8ED8B77E2BD93A83009B4387 /* PostsView.swift */ = {isa = PBXFileReference; lastKnownFileType = sourcecode.swift; path = PostsView.swift; sourceTree = "<group>"; };
/* End PBXFileReference section */

/* Begin PBXFrameworksBuildPhase section */
		8E1BADDD2BC965CC00A65075 /* Frameworks */ = {
			isa = PBXFrameworksBuildPhase;
			buildActionMask = 2147483647;
			files = (
				8E1BAE632BC97C4F00A65075 /* RxRelay in Frameworks */,
				8E1BAE5E2BC97C3200A65075 /* Kingfisher in Frameworks */,
				8E1BAE5B2BC97C2A00A65075 /* Alamofire in Frameworks */,
				8E1BAE612BC97C4F00A65075 /* RxCocoa in Frameworks */,
				8E1BAE6B2BC97CD500A65075 /* Tabman in Frameworks */,
				8E9A40192BCFFADE005E4F45 /* IQKeyboardManagerSwift in Frameworks */,
				8E1BAE582BC97C2100A65075 /* Toast in Frameworks */,
				8E1BAE552BC97C1500A65075 /* Then in Frameworks */,
				8E1BAE652BC97C4F00A65075 /* RxSwift in Frameworks */,
				8E1BAE992BC993C100A65075 /* SnapKit in Frameworks */,
			);
			runOnlyForDeploymentPostprocessing = 0;
		};
/* End PBXFrameworksBuildPhase section */

/* Begin PBXGroup section */
		8E17A2DF2BCA3BF900581B58 /* Router */ = {
			isa = PBXGroup;
			children = (
				8E83BC472BCBC134007E1637 /* Router.swift */,
				8E1BAE312BC968EB00A65075 /* UserRouter.swift */,
				8E17A3352BCAF33200581B58 /* PostRouter.swift */,
				8EA59CE42BD19240009938E0 /* CommentRouter.swift */,
				8E1BAE2F2BC968EB00A65075 /* TargetType.swift */,
				8E1BAE2B2BC968EB00A65075 /* HTTPHeader.swift */,
				8EA59CE82BD19D56009938E0 /* PathVersion.swift */,
			);
			path = Router;
			sourceTree = "<group>";
		};
		8E17A2E02BCA3C0A00581B58 /* Model */ = {
			isa = PBXGroup;
			children = (
				8E9A3FF32BCEE25A005E4F45 /* Request */,
				8E9A3FF42BCEE264005E4F45 /* Response */,
			);
			path = Model;
			sourceTree = "<group>";
		};
		8E17A2EF2BCA7D8D00581B58 /* Post */ = {
			isa = PBXGroup;
			children = (
				8E17A3292BCAD16E00581B58 /* PostView.swift */,
				8E17A32B2BCAD17600581B58 /* PostViewController.swift */,
				8E17A2FA2BCA7F7800581B58 /* PostTab */,
				8E17A2FB2BCA808700581B58 /* Finding */,
				8E17A2FC2BCA809200581B58 /* Found */,
				8ED3AE1A2BD14B670040DA58 /* Detail */,
			);
			path = Post;
			sourceTree = "<group>";
		};
		8E17A2FA2BCA7F7800581B58 /* PostTab */ = {
			isa = PBXGroup;
			children = (
				8E17A2F62BCA7F1D00581B58 /* PostTabViewController.swift */,
			);
			path = PostTab;
			sourceTree = "<group>";
		};
		8E17A2FB2BCA808700581B58 /* Finding */ = {
			isa = PBXGroup;
			children = (
				8E17A2F02BCA7D9F00581B58 /* FindingView.swift */,
				8E17A2F22BCA7DA800581B58 /* FindingViewController.swift */,
				8E17A2F42BCA7DAE00581B58 /* FindingViewModel.swift */,
			);
			path = Finding;
			sourceTree = "<group>";
		};
		8E17A2FC2BCA809200581B58 /* Found */ = {
			isa = PBXGroup;
			children = (
				8E17A2FD2BCA80AF00581B58 /* FoundView.swift */,
				8E17A2FF2BCA80B900581B58 /* FoundViewController.swift */,
				8E17A3012BCA80BF00581B58 /* FoundViewModel.swift */,
			);
			path = Found;
			sourceTree = "<group>";
		};
		8E17A3032BCA8F2A00581B58 /* Search */ = {
			isa = PBXGroup;
			children = (
				8E17A3052BCA8F9200581B58 /* SearchView.swift */,
				8E17A3072BCA8F9900581B58 /* SearchViewController.swift */,
				8E17A30B2BCA8FA900581B58 /* SearchViewModel.swift */,
			);
			path = Search;
			sourceTree = "<group>";
		};
		8E17A3042BCA8F3400581B58 /* MyProfile */ = {
			isa = PBXGroup;
			children = (
				8E17A30D2BCA8FBF00581B58 /* MyProfileView.swift */,
				8E17A30F2BCA8FC800581B58 /* MyProfileViewController.swift */,
				8E17A3112BCA8FCF00581B58 /* MyProfileViewModel.swift */,
				8ED8B76D2BD81F15009B4387 /* EditProfile */,
				8E17A3212BCAC84500581B58 /* MyProfileTab */,
				8E17A3132BCAC54F00581B58 /* MyPost */,
				8E17A31A2BCAC5C000581B58 /* MyStoragePost */,
				8E9A3FD32BCD947D005E4F45 /* Setting */,
			);
			path = MyProfile;
			sourceTree = "<group>";
		};
		8E17A3132BCAC54F00581B58 /* MyPost */ = {
			isa = PBXGroup;
			children = (
				8E17A3162BCAC58A00581B58 /* MyPostViewController.swift */,
				8E17A3182BCAC59400581B58 /* MyPostViewModel.swift */,
			);
			path = MyPost;
			sourceTree = "<group>";
		};
		8E17A31A2BCAC5C000581B58 /* MyStoragePost */ = {
			isa = PBXGroup;
			children = (
				8E17A31B2BCAC61900581B58 /* MyStoragePostView.swift */,
				8E17A31D2BCAC62B00581B58 /* MyStoragePostViewController.swift */,
				8E17A31F2BCAC63C00581B58 /* MyStorageViewModel.swift */,
			);
			path = MyStoragePost;
			sourceTree = "<group>";
		};
		8E17A3212BCAC84500581B58 /* MyProfileTab */ = {
			isa = PBXGroup;
			children = (
				8E17A3222BCAC87E00581B58 /* MyProfileTabViewController.swift */,
			);
			path = MyProfileTab;
			sourceTree = "<group>";
		};
		8E1BADD72BC965CC00A65075 = {
			isa = PBXGroup;
			children = (
				8E1BADE22BC965CC00A65075 /* Helper */,
				8E1BADE12BC965CC00A65075 /* Products */,
			);
			sourceTree = "<group>";
		};
		8E1BADE12BC965CC00A65075 /* Products */ = {
			isa = PBXGroup;
			children = (
				8E1BADE02BC965CC00A65075 /* Helper.app */,
			);
			name = Products;
			sourceTree = "<group>";
		};
		8E1BADE22BC965CC00A65075 /* Helper */ = {
			isa = PBXGroup;
			children = (
				8E1BAE512BC96AC500A65075 /* Tabbar */,
				8E1BAE182BC968E500A65075 /* Present */,
				8E1BAE322BC968EB00A65075 /* Network */,
				8E1BAE432BC968F900A65075 /* Extension */,
				8E1BAE3D2BC968F100A65075 /* Manager */,
				8E1BADFB2BC968C100A65075 /* Protocol */,
				8E1BAE492BC9690900A65075 /* Base */,
				8E1BAE412BC968F900A65075 /* CustomView */,
				8E1BAE8C2BC9800B00A65075 /* Resource */,
				8E1BADE32BC965CC00A65075 /* AppDelegate.swift */,
				8E1BADE52BC965CC00A65075 /* SceneDelegate.swift */,
				8E1BADEC2BC965CD00A65075 /* Assets.xcassets */,
				8E1BAE952BC9883500A65075 /* Main.storyboard */,
				8E1BADEE2BC965CD00A65075 /* LaunchScreen.storyboard */,
				8E1BADF12BC965CD00A65075 /* Info.plist */,
				8E1BADF72BC966BA00A65075 /* PrivateKey.swift */,
			);
			path = Helper;
			sourceTree = "<group>";
		};
		8E1BADFB2BC968C100A65075 /* Protocol */ = {
			isa = PBXGroup;
			children = (
				8E1BADF92BC968C100A65075 /* ReusableID.swift */,
				8E1BADFA2BC968C100A65075 /* ViewModelType.swift */,
			);
			path = Protocol;
			sourceTree = "<group>";
		};
		8E1BAE072BC968E500A65075 /* SginIn */ = {
			isa = PBXGroup;
			children = (
				8E1BAE852BC97FDE00A65075 /* SignInView.swift */,
				8E1BAE052BC968E500A65075 /* SignInViewController.swift */,
				8E1BAE062BC968E500A65075 /* SignInViewModel.swift */,
			);
			path = SginIn;
			sourceTree = "<group>";
		};
		8E1BAE0E2BC968E500A65075 /* SignUp */ = {
			isa = PBXGroup;
			children = (
				8E1BAE0B2BC968E500A65075 /* SignUpView.swift */,
				8E1BAE0C2BC968E500A65075 /* SignUpViewController.swift */,
				8E1BAE0D2BC968E500A65075 /* SignUpViewModel.swift */,
			);
			path = SignUp;
			sourceTree = "<group>";
		};
		8E1BAE122BC968E500A65075 /* Nickname */ = {
			isa = PBXGroup;
			children = (
				8E1BAE0F2BC968E500A65075 /* NicknameView.swift */,
				8E1BAE102BC968E500A65075 /* NicknameViewController.swift */,
				8E1BAE112BC968E500A65075 /* NicknameViewModel.swift */,
			);
			path = Nickname;
			sourceTree = "<group>";
		};
		8E1BAE182BC968E500A65075 /* Present */ = {
			isa = PBXGroup;
			children = (
				8E1BAE842BC97F0400A65075 /* User */,
				8E17A2EF2BCA7D8D00581B58 /* Post */,
				8ED8B7842BD94963009B4387 /* PostsView */,
				8E17A3032BCA8F2A00581B58 /* Search */,
				8E9A3FE22BCEBCC7005E4F45 /* WritePost */,
				8E17A3042BCA8F3400581B58 /* MyProfile */,
			);
			path = Present;
			sourceTree = "<group>";
		};
		8E1BAE322BC968EB00A65075 /* Network */ = {
			isa = PBXGroup;
			children = (
				8E17A2DF2BCA3BF900581B58 /* Router */,
				8E17A2E02BCA3C0A00581B58 /* Model */,
				8E1BAE2C2BC968EB00A65075 /* NetworkManager.swift */,
				8E1BAE302BC968EB00A65075 /* TokenIntercepter.swift */,
				8E1BAE292BC968EB00A65075 /* APIError.swift */,
			);
			path = Network;
			sourceTree = "<group>";
		};
		8E1BAE3D2BC968F100A65075 /* Manager */ = {
			isa = PBXGroup;
			children = (
				8E1BAE3C2BC968F100A65075 /* UserDefaultsManager.swift */,
				8E1BAE4E2BC96AA600A65075 /* DateManager.swift */,
				8E17A2E72BCA3E6500581B58 /* UserProfileManager.swift */,
				8ED8B76B2BD80FFD009B4387 /* EventManager.swift */,
			);
			path = Manager;
			sourceTree = "<group>";
		};
		8E1BAE412BC968F900A65075 /* CustomView */ = {
			isa = PBXGroup;
			children = (
				8EA59D0E2BD25B43009938E0 /* Button */,
				8EA59D0F2BD25B4F009938E0 /* Label */,
				8EA59D102BD25B5B009938E0 /* TextField */,
				8EA59D112BD25B66009938E0 /* ImageView */,
				8EA59D122BD25B6E009938E0 /* CollectionViewCell */,
				8EA59D132BD25B76009938E0 /* TextView */,
			);
			path = CustomView;
			sourceTree = "<group>";
		};
		8E1BAE432BC968F900A65075 /* Extension */ = {
			isa = PBXGroup;
			children = (
				8E1BAE4C2BC969DD00A65075 /* UITextField+.swift */,
				8E1BAE422BC968F900A65075 /* UIViewController+.swift */,
				8E17A2DD2BCA31D400581B58 /* ViewModelType+.swift */,
				8E9A3FCB2BCD7255005E4F45 /* UIImageView+.swift */,
				8E9A3FD12BCD8455005E4F45 /* UICollectionViewLayout+.swift */,
				8EA59D142BD28284009938E0 /* String+.swift */,
				8ED8B7422BD556BC009B4387 /* TransitionStyle.swift */,
				8ED8B7582BD6913D009B4387 /* UIScrollView+.swift */,
			);
			path = Extension;
			sourceTree = "<group>";
		};
		8E1BAE492BC9690900A65075 /* Base */ = {
			isa = PBXGroup;
			children = (
				8E1BAE6E2BC97D5D00A65075 /* BaseView.swift */,
				8E1BAE6C2BC97D5D00A65075 /* BaseViewController.swift */,
				8E17A3312BCAF03D00581B58 /* BaseTableView.swift */,
				8E1BAE6F2BC97D5D00A65075 /* BaseTableViewCell.swift */,
				8E17A32F2BCAF03300581B58 /* BaseCollectionView.swift */,
				8E1BAE6D2BC97D5D00A65075 /* BaseCollectionViewCell.swift */,
			);
			path = Base;
			sourceTree = "<group>";
		};
		8E1BAE512BC96AC500A65075 /* Tabbar */ = {
			isa = PBXGroup;
			children = (
				8E1BAE502BC96AC500A65075 /* TabBarController.swift */,
			);
			path = Tabbar;
			sourceTree = "<group>";
		};
		8E1BAE842BC97F0400A65075 /* User */ = {
			isa = PBXGroup;
			children = (
				8E1BAE072BC968E500A65075 /* SginIn */,
				8E1BAE0E2BC968E500A65075 /* SignUp */,
				8E1BAE912BC9857300A65075 /* Password */,
				8E1BAE122BC968E500A65075 /* Nickname */,
				8E1BAE932BC9859700A65075 /* Phone */,
				8E1BAE942BC985BD00A65075 /* Birthday */,
			);
			path = User;
			sourceTree = "<group>";
		};
		8E1BAE8C2BC9800B00A65075 /* Resource */ = {
			isa = PBXGroup;
			children = (
				8E1BAE8B2BC9800B00A65075 /* Color.swift */,
				8ED8B7562BD65C9E009B4387 /* HelperString.swift */,
			);
			path = Resource;
			sourceTree = "<group>";
		};
		8E1BAE912BC9857300A65075 /* Password */ = {
			isa = PBXGroup;
			children = (
				8E1BAE082BC968E500A65075 /* PasswordView.swift */,
				8E1BAE092BC968E500A65075 /* PasswordViewController.swift */,
				8E1BAE0A2BC968E500A65075 /* PasswordViewModel.swift */,
			);
			path = Password;
			sourceTree = "<group>";
		};
		8E1BAE932BC9859700A65075 /* Phone */ = {
			isa = PBXGroup;
			children = (
				8E17A2E12BCA3D7800581B58 /* PhoneView.swift */,
				8E17A2E32BCA3D7F00581B58 /* PhoneViewController.swift */,
				8E17A2E52BCA3D8600581B58 /* PhoneViewModel.swift */,
			);
			path = Phone;
			sourceTree = "<group>";
		};
		8E1BAE942BC985BD00A65075 /* Birthday */ = {
			isa = PBXGroup;
			children = (
				8E17A2E92BCA59C100581B58 /* BirthdayView.swift */,
				8E17A2EB2BCA59C800581B58 /* BirthdayViewController.swift */,
				8E17A2ED2BCA59D000581B58 /* BirthdayViewModel.swift */,
			);
			path = Birthday;
			sourceTree = "<group>";
		};
		8E9A3FD32BCD947D005E4F45 /* Setting */ = {
			isa = PBXGroup;
			children = (
				8E9A3FD42BCD9498005E4F45 /* SettingView.swift */,
				8E9A3FD62BCD94A2005E4F45 /* SettingViewController.swift */,
				8E9A3FD82BCD94A9005E4F45 /* SettingViewModel.swift */,
				8E9A3FDA2BCD9530005E4F45 /* SettingTableViewCell.swift */,
			);
			path = Setting;
			sourceTree = "<group>";
		};
		8E9A3FE22BCEBCC7005E4F45 /* WritePost */ = {
			isa = PBXGroup;
			children = (
				8E9A3FE32BCEBD8F005E4F45 /* WritePostView.swift */,
				8E9A3FE52BCEBD98005E4F45 /* WritePostViewController.swift */,
				8E9A3FE72BCEBDA8005E4F45 /* WritePostViewModel.swift */,
				8E9A40112BCFC196005E4F45 /* ImageCollectionViewCell.swift */,
			);
			path = WritePost;
			sourceTree = "<group>";
		};
		8E9A3FF32BCEE25A005E4F45 /* Request */ = {
			isa = PBXGroup;
			children = (
				8E9A3FF52BCEE291005E4F45 /* UserRequest.swift */,
				8E9A400F2BCFBB36005E4F45 /* PostRequest.swift */,
				8EA59CE62BD196FF009938E0 /* CommentRequest.swift */,
			);
			path = Request;
			sourceTree = "<group>";
		};
		8E9A3FF42BCEE264005E4F45 /* Response */ = {
			isa = PBXGroup;
			children = (
				8E9A3FF72BCEE2CE005E4F45 /* UserResponse.swift */,
				8E9A3FF92BCEE2D5005E4F45 /* PostResponse.swift */,
				8EA59CEA2BD1A562009938E0 /* CommentResponse.swift */,
				8EA59CEC2BD1A64D009938E0 /* CreatorResponse.swift */,
				8E9A3FFB2BCEE2DC005E4F45 /* ErrorResponse.swift */,
			);
			path = Response;
			sourceTree = "<group>";
		};
		8EA59D0E2BD25B43009938E0 /* Button */ = {
			isa = PBXGroup;
			children = (
				8E1BAE882BC97FF800A65075 /* PointButton.swift */,
				8E9A40152BCFE9C8005E4F45 /* WhiteButton.swift */,
				8EA59D0C2BD25B3C009938E0 /* ImageButton.swift */,
				8E887CDA2BD417D600E95008 /* MenuButton.swift */,
			);
			path = Button;
			sourceTree = "<group>";
		};
		8EA59D0F2BD25B4F009938E0 /* Label */ = {
			isa = PBXGroup;
			children = (
				8E1BAE9D2BC99E7C00A65075 /* PointLabel.swift */,
				8E1BAE9F2BC99F3200A65075 /* PointBoldLabel.swift */,
				8E17A2DB2BCA267000581B58 /* RedColorLabel.swift */,
			);
			path = Label;
			sourceTree = "<group>";
		};
		8EA59D102BD25B5B009938E0 /* TextField */ = {
			isa = PBXGroup;
			children = (
				8E1BAE872BC97FF700A65075 /* PointTextField.swift */,
			);
			path = TextField;
			sourceTree = "<group>";
		};
		8EA59D112BD25B66009938E0 /* ImageView */ = {
			isa = PBXGroup;
			children = (
				8E1BAE782BC97D9600A65075 /* lightGrayBackgroundImageView.swift */,
			);
			path = ImageView;
			sourceTree = "<group>";
		};
		8EA59D122BD25B6E009938E0 /* CollectionViewCell */ = {
			isa = PBXGroup;
			children = (
				8E9A3FCF2BCD81BA005E4F45 /* PostCollectionViewCell.swift */,
			);
			path = CollectionViewCell;
			sourceTree = "<group>";
		};
		8EA59D132BD25B76009938E0 /* TextView */ = {
			isa = PBXGroup;
			children = (
				8E9A40132BCFD3D3005E4F45 /* PointTextView.swift */,
			);
			path = TextView;
			sourceTree = "<group>";
		};
		8ED3AE1A2BD14B670040DA58 /* Detail */ = {
			isa = PBXGroup;
			children = (
				8ED3AE1B2BD14B890040DA58 /* DetailPostView.swift */,
				8ED3AE1D2BD14B920040DA58 /* DetailPostViewController.swift */,
				8ED3AE1F2BD14B9B0040DA58 /* DetailPostViewModel.swift */,
				8ED3AE232BD171C10040DA58 /* DetailPostCollectionViewCell.swift */,
				8ED3AE212BD15C960040DA58 /* CommentsTableViewCell.swift */,
			);
			path = Detail;
			sourceTree = "<group>";
		};
		8ED8B76D2BD81F15009B4387 /* EditProfile */ = {
			isa = PBXGroup;
			children = (
				8ED8B76E2BD81F2D009B4387 /* EditProfileView.swift */,
				8ED8B7702BD81F36009B4387 /* EditProfileViewController.swift */,
				8ED8B7722BD81F3E009B4387 /* EditProfileViewModel.swift */,
				8ED8B7742BD8F9CD009B4387 /* EditProfileTableViewCell.swift */,
				8ED8B7772BD9104D009B4387 /* DetailEditProfile */,
			);
			path = EditProfile;
			sourceTree = "<group>";
		};
		8ED8B7772BD9104D009B4387 /* DetailEditProfile */ = {
			isa = PBXGroup;
			children = (
				8ED8B7782BD91064009B4387 /* DetailEditProfileView.swift */,
				8ED8B77A2BD91070009B4387 /* DetailEditProfileViewController.swift */,
				8ED8B77C2BD9107E009B4387 /* DetailEditProfileViewModel.swift */,
			);
			path = DetailEditProfile;
			sourceTree = "<group>";
		};
		8ED8B7842BD94963009B4387 /* PostsView */ = {
			isa = PBXGroup;
			children = (
				8ED8B77E2BD93A83009B4387 /* PostsView.swift */,
			);
			path = PostsView;
			sourceTree = "<group>";
		};
/* End PBXGroup section */

/* Begin PBXNativeTarget section */
		8E1BADDF2BC965CC00A65075 /* Helper */ = {
			isa = PBXNativeTarget;
			buildConfigurationList = 8E1BADF42BC965CD00A65075 /* Build configuration list for PBXNativeTarget "Helper" */;
			buildPhases = (
				8E1BADDC2BC965CC00A65075 /* Sources */,
				8E1BADDD2BC965CC00A65075 /* Frameworks */,
				8E1BADDE2BC965CC00A65075 /* Resources */,
			);
			buildRules = (
			);
			dependencies = (
			);
			name = Helper;
			packageProductDependencies = (
				8E1BAE542BC97C1500A65075 /* Then */,
				8E1BAE572BC97C2100A65075 /* Toast */,
				8E1BAE5A2BC97C2A00A65075 /* Alamofire */,
				8E1BAE5D2BC97C3200A65075 /* Kingfisher */,
				8E1BAE602BC97C4F00A65075 /* RxCocoa */,
				8E1BAE622BC97C4F00A65075 /* RxRelay */,
				8E1BAE642BC97C4F00A65075 /* RxSwift */,
				8E1BAE6A2BC97CD500A65075 /* Tabman */,
				8E1BAE982BC993C100A65075 /* SnapKit */,
				8E9A40182BCFFADE005E4F45 /* IQKeyboardManagerSwift */,
			);
			productName = Helper;
			productReference = 8E1BADE02BC965CC00A65075 /* Helper.app */;
			productType = "com.apple.product-type.application";
		};
/* End PBXNativeTarget section */

/* Begin PBXProject section */
		8E1BADD82BC965CC00A65075 /* Project object */ = {
			isa = PBXProject;
			attributes = {
				BuildIndependentTargetsInParallel = 1;
				LastSwiftUpdateCheck = 1530;
				LastUpgradeCheck = 1530;
				TargetAttributes = {
					8E1BADDF2BC965CC00A65075 = {
						CreatedOnToolsVersion = 15.3;
					};
				};
			};
			buildConfigurationList = 8E1BADDB2BC965CC00A65075 /* Build configuration list for PBXProject "Helper" */;
			compatibilityVersion = "Xcode 15.3";
			developmentRegion = en;
			hasScannedForEncodings = 0;
			knownRegions = (
				en,
				Base,
			);
			mainGroup = 8E1BADD72BC965CC00A65075;
			packageReferences = (
				8E1BAE532BC97C1500A65075 /* XCRemoteSwiftPackageReference "Then" */,
				8E1BAE562BC97C2100A65075 /* XCRemoteSwiftPackageReference "Toast-Swift" */,
				8E1BAE592BC97C2A00A65075 /* XCRemoteSwiftPackageReference "Alamofire" */,
				8E1BAE5C2BC97C3200A65075 /* XCRemoteSwiftPackageReference "Kingfisher" */,
				8E1BAE5F2BC97C4F00A65075 /* XCRemoteSwiftPackageReference "RxSwift" */,
				8E1BAE692BC97CD500A65075 /* XCRemoteSwiftPackageReference "Tabman" */,
				8E1BAE972BC993C100A65075 /* XCRemoteSwiftPackageReference "SnapKit" */,
				8E9A40172BCFFADD005E4F45 /* XCRemoteSwiftPackageReference "IQKeyboardManager" */,
			);
			productRefGroup = 8E1BADE12BC965CC00A65075 /* Products */;
			projectDirPath = "";
			projectRoot = "";
			targets = (
				8E1BADDF2BC965CC00A65075 /* Helper */,
			);
		};
/* End PBXProject section */

/* Begin PBXResourcesBuildPhase section */
		8E1BADDE2BC965CC00A65075 /* Resources */ = {
			isa = PBXResourcesBuildPhase;
			buildActionMask = 2147483647;
			files = (
				8E1BAE962BC9883500A65075 /* Main.storyboard in Resources */,
				8E1BADED2BC965CD00A65075 /* Assets.xcassets in Resources */,
				8E1BADF02BC965CD00A65075 /* Base in Resources */,
			);
			runOnlyForDeploymentPostprocessing = 0;
		};
/* End PBXResourcesBuildPhase section */

/* Begin PBXSourcesBuildPhase section */
		8E1BADDC2BC965CC00A65075 /* Sources */ = {
			isa = PBXSourcesBuildPhase;
			buildActionMask = 2147483647;
			files = (
				8E17A32C2BCAD17600581B58 /* PostViewController.swift in Sources */,
				8E17A2F52BCA7DAE00581B58 /* FindingViewModel.swift in Sources */,
				8E1BAE1D2BC968E500A65075 /* SignInViewController.swift in Sources */,
				8E1BAE3A2BC968EC00A65075 /* TokenIntercepter.swift in Sources */,
				8E17A3362BCAF33200581B58 /* PostRouter.swift in Sources */,
				8E1BAE732BC97D5D00A65075 /* BaseTableViewCell.swift in Sources */,
				8E17A3302BCAF03300581B58 /* BaseCollectionView.swift in Sources */,
				8E17A2F32BCA7DA800581B58 /* FindingViewController.swift in Sources */,
				8E1BAE392BC968EC00A65075 /* TargetType.swift in Sources */,
				8E17A30C2BCA8FA900581B58 /* SearchViewModel.swift in Sources */,
				8E1BAE202BC968E500A65075 /* PasswordViewController.swift in Sources */,
				8E17A2EE2BCA59D000581B58 /* BirthdayViewModel.swift in Sources */,
				8E1BAE3E2BC968F100A65075 /* UserDefaultsManager.swift in Sources */,
				8E1BAE242BC968E500A65075 /* SignUpViewModel.swift in Sources */,
				8E17A2F12BCA7D9F00581B58 /* FindingView.swift in Sources */,
				8E1BAE4D2BC969DD00A65075 /* UITextField+.swift in Sources */,
				8E1BAE4F2BC96AA600A65075 /* DateManager.swift in Sources */,
				8ED8B77B2BD91070009B4387 /* DetailEditProfileViewController.swift in Sources */,
				8E17A3082BCA8F9900581B58 /* SearchViewController.swift in Sources */,
				8E1BAE212BC968E500A65075 /* PasswordViewModel.swift in Sources */,
				8E17A2EA2BCA59C100581B58 /* BirthdayView.swift in Sources */,
				8EA59CE92BD19D56009938E0 /* PathVersion.swift in Sources */,
				8E1BAE802BC97D9600A65075 /* lightGrayBackgroundImageView.swift in Sources */,
				8E17A2F72BCA7F1D00581B58 /* PostTabViewController.swift in Sources */,
				8E1BAE232BC968E500A65075 /* SignUpViewController.swift in Sources */,
				8E9A3FE62BCEBD98005E4F45 /* WritePostViewController.swift in Sources */,
				8E9A3FDB2BCD9530005E4F45 /* SettingTableViewCell.swift in Sources */,
				8EA59D152BD28284009938E0 /* String+.swift in Sources */,
				8E17A31C2BCAC61900581B58 /* MyStoragePostView.swift in Sources */,
				8E17A3022BCA80BF00581B58 /* FoundViewModel.swift in Sources */,
				8E17A3122BCA8FCF00581B58 /* MyProfileViewModel.swift in Sources */,
				8ED8B77D2BD9107E009B4387 /* DetailEditProfileViewModel.swift in Sources */,
				8E17A31E2BCAC62B00581B58 /* MyStoragePostViewController.swift in Sources */,
				8E1BAE252BC968E500A65075 /* NicknameView.swift in Sources */,
				8E1BAE1F2BC968E500A65075 /* PasswordView.swift in Sources */,
				8E1BADE42BC965CC00A65075 /* AppDelegate.swift in Sources */,
				8E17A3202BCAC63C00581B58 /* MyStorageViewModel.swift in Sources */,
				8E17A2DC2BCA267000581B58 /* RedColorLabel.swift in Sources */,
				8E1BAE722BC97D5D00A65075 /* BaseView.swift in Sources */,
				8E1BAE8A2BC97FF800A65075 /* PointButton.swift in Sources */,
				8E9A3FD72BCD94A2005E4F45 /* SettingViewController.swift in Sources */,
				8E1BAE332BC968EC00A65075 /* APIError.swift in Sources */,
				8EA59CE52BD19240009938E0 /* CommentRouter.swift in Sources */,
				8E1BADFD2BC968C100A65075 /* ViewModelType.swift in Sources */,
				8E17A2E82BCA3E6500581B58 /* UserProfileManager.swift in Sources */,
				8E17A2FE2BCA80AF00581B58 /* FoundView.swift in Sources */,
				8E17A3102BCA8FC800581B58 /* MyProfileViewController.swift in Sources */,
				8E1BADE62BC965CC00A65075 /* SceneDelegate.swift in Sources */,
				8ED8B7432BD556BC009B4387 /* TransitionStyle.swift in Sources */,
				8E1BAE892BC97FF800A65075 /* PointTextField.swift in Sources */,
				8EA59CED2BD1A64D009938E0 /* CreatorResponse.swift in Sources */,
				8E9A3FD92BCD94A9005E4F45 /* SettingViewModel.swift in Sources */,
				8ED8B76F2BD81F2D009B4387 /* EditProfileView.swift in Sources */,
				8ED8B7752BD8F9CD009B4387 /* EditProfileTableViewCell.swift in Sources */,
				8E17A3062BCA8F9200581B58 /* SearchView.swift in Sources */,
				8EA59CE72BD196FF009938E0 /* CommentRequest.swift in Sources */,
				8E83BC482BCBC134007E1637 /* Router.swift in Sources */,
				8ED3AE222BD15C960040DA58 /* CommentsTableViewCell.swift in Sources */,
				8E1BAE362BC968EC00A65075 /* NetworkManager.swift in Sources */,
				8E17A2E22BCA3D7800581B58 /* PhoneView.swift in Sources */,
				8E17A32A2BCAD16E00581B58 /* PostView.swift in Sources */,
				8E1BAE712BC97D5D00A65075 /* BaseCollectionViewCell.swift in Sources */,
				8E17A2EC2BCA59C800581B58 /* BirthdayViewController.swift in Sources */,
				8E17A2E62BCA3D8600581B58 /* PhoneViewModel.swift in Sources */,
				8ED3AE1E2BD14B920040DA58 /* DetailPostViewController.swift in Sources */,
				8EA59CEB2BD1A562009938E0 /* CommentResponse.swift in Sources */,
				8E1BAE1E2BC968E500A65075 /* SignInViewModel.swift in Sources */,
				8E1BAE702BC97D5D00A65075 /* BaseViewController.swift in Sources */,
				8E9A3FD52BCD9498005E4F45 /* SettingView.swift in Sources */,
				8ED8B7792BD91064009B4387 /* DetailEditProfileView.swift in Sources */,
				8E1BAE8D2BC9800B00A65075 /* Color.swift in Sources */,
				8E9A40162BCFE9C8005E4F45 /* WhiteButton.swift in Sources */,
				8E1BAE352BC968EC00A65075 /* HTTPHeader.swift in Sources */,
				8E9A40142BCFD3D3005E4F45 /* PointTextView.swift in Sources */,
				8E9A3FE42BCEBD8F005E4F45 /* WritePostView.swift in Sources */,
				8E17A2DE2BCA31D400581B58 /* ViewModelType+.swift in Sources */,
				8E9A3FF62BCEE291005E4F45 /* UserRequest.swift in Sources */,
				8E1BAE222BC968E500A65075 /* SignUpView.swift in Sources */,
				8ED8B77F2BD93A83009B4387 /* PostsView.swift in Sources */,
				8E9A3FFC2BCEE2DD005E4F45 /* ErrorResponse.swift in Sources */,
				8E1BAE262BC968E500A65075 /* NicknameViewController.swift in Sources */,
				8E17A3192BCAC59400581B58 /* MyPostViewModel.swift in Sources */,
				8E887CDB2BD417D600E95008 /* MenuButton.swift in Sources */,
				8ED8B7572BD65C9E009B4387 /* HelperString.swift in Sources */,
				8E1BAE272BC968E500A65075 /* NicknameViewModel.swift in Sources */,
				8E9A40102BCFBB36005E4F45 /* PostRequest.swift in Sources */,
				8E1BADFC2BC968C100A65075 /* ReusableID.swift in Sources */,
				8E17A3002BCA80B900581B58 /* FoundViewController.swift in Sources */,
				8E9A3FF82BCEE2CE005E4F45 /* UserResponse.swift in Sources */,
				8E1BAE522BC96AC500A65075 /* TabBarController.swift in Sources */,
				8ED8B7592BD6913D009B4387 /* UIScrollView+.swift in Sources */,
				8E9A3FE82BCEBDA8005E4F45 /* WritePostViewModel.swift in Sources */,
				8ED8B7712BD81F36009B4387 /* EditProfileViewController.swift in Sources */,
				8E1BAEA02BC99F3200A65075 /* PointBoldLabel.swift in Sources */,
				8E9A3FFA2BCEE2D5005E4F45 /* PostResponse.swift in Sources */,
				8E1BAE462BC968F900A65075 /* UIViewController+.swift in Sources */,
				8ED8B76C2BD80FFD009B4387 /* EventManager.swift in Sources */,
				8EA59D0D2BD25B3C009938E0 /* ImageButton.swift in Sources */,
				8ED3AE202BD14B9B0040DA58 /* DetailPostViewModel.swift in Sources */,
				8ED3AE242BD171C10040DA58 /* DetailPostCollectionViewCell.swift in Sources */,
				8ED8B7732BD81F3E009B4387 /* EditProfileViewModel.swift in Sources */,
				8E17A3232BCAC87E00581B58 /* MyProfileTabViewController.swift in Sources */,
				8E1BADF82BC966BA00A65075 /* PrivateKey.swift in Sources */,
				8E9A40122BCFC196005E4F45 /* ImageCollectionViewCell.swift in Sources */,
				8E9A3FD22BCD8455005E4F45 /* UICollectionViewLayout+.swift in Sources */,
				8E17A3322BCAF03D00581B58 /* BaseTableView.swift in Sources */,
				8ED3AE1C2BD14B890040DA58 /* DetailPostView.swift in Sources */,
				8E1BAE9E2BC99E7C00A65075 /* PointLabel.swift in Sources */,
				8E17A2E42BCA3D7F00581B58 /* PhoneViewController.swift in Sources */,
				8E9A3FCC2BCD7255005E4F45 /* UIImageView+.swift in Sources */,
				8E17A3172BCAC58A00581B58 /* MyPostViewController.swift in Sources */,
				8E9A3FD02BCD81BA005E4F45 /* PostCollectionViewCell.swift in Sources */,
				8E1BAE3B2BC968EC00A65075 /* UserRouter.swift in Sources */,
				8E1BAE862BC97FDE00A65075 /* SignInView.swift in Sources */,
				8E17A30E2BCA8FBF00581B58 /* MyProfileView.swift in Sources */,
			);
			runOnlyForDeploymentPostprocessing = 0;
		};
/* End PBXSourcesBuildPhase section */

/* Begin PBXVariantGroup section */
		8E1BADEE2BC965CD00A65075 /* LaunchScreen.storyboard */ = {
			isa = PBXVariantGroup;
			children = (
				8E1BADEF2BC965CD00A65075 /* Base */,
			);
			name = LaunchScreen.storyboard;
			sourceTree = "<group>";
		};
/* End PBXVariantGroup section */

/* Begin XCBuildConfiguration section */
		8E1BADF22BC965CD00A65075 /* Debug */ = {
			isa = XCBuildConfiguration;
			buildSettings = {
				ALWAYS_SEARCH_USER_PATHS = NO;
				ASSETCATALOG_COMPILER_GENERATE_SWIFT_ASSET_SYMBOL_EXTENSIONS = YES;
				CLANG_ANALYZER_NONNULL = YES;
				CLANG_ANALYZER_NUMBER_OBJECT_CONVERSION = YES_AGGRESSIVE;
				CLANG_CXX_LANGUAGE_STANDARD = "gnu++20";
				CLANG_ENABLE_MODULES = YES;
				CLANG_ENABLE_OBJC_ARC = YES;
				CLANG_ENABLE_OBJC_WEAK = YES;
				CLANG_WARN_BLOCK_CAPTURE_AUTORELEASING = YES;
				CLANG_WARN_BOOL_CONVERSION = YES;
				CLANG_WARN_COMMA = YES;
				CLANG_WARN_CONSTANT_CONVERSION = YES;
				CLANG_WARN_DEPRECATED_OBJC_IMPLEMENTATIONS = YES;
				CLANG_WARN_DIRECT_OBJC_ISA_USAGE = YES_ERROR;
				CLANG_WARN_DOCUMENTATION_COMMENTS = YES;
				CLANG_WARN_EMPTY_BODY = YES;
				CLANG_WARN_ENUM_CONVERSION = YES;
				CLANG_WARN_INFINITE_RECURSION = YES;
				CLANG_WARN_INT_CONVERSION = YES;
				CLANG_WARN_NON_LITERAL_NULL_CONVERSION = YES;
				CLANG_WARN_OBJC_IMPLICIT_RETAIN_SELF = YES;
				CLANG_WARN_OBJC_LITERAL_CONVERSION = YES;
				CLANG_WARN_OBJC_ROOT_CLASS = YES_ERROR;
				CLANG_WARN_QUOTED_INCLUDE_IN_FRAMEWORK_HEADER = YES;
				CLANG_WARN_RANGE_LOOP_ANALYSIS = YES;
				CLANG_WARN_STRICT_PROTOTYPES = YES;
				CLANG_WARN_SUSPICIOUS_MOVE = YES;
				CLANG_WARN_UNGUARDED_AVAILABILITY = YES_AGGRESSIVE;
				CLANG_WARN_UNREACHABLE_CODE = YES;
				CLANG_WARN__DUPLICATE_METHOD_MATCH = YES;
				COPY_PHASE_STRIP = NO;
				DEBUG_INFORMATION_FORMAT = dwarf;
				ENABLE_STRICT_OBJC_MSGSEND = YES;
				ENABLE_TESTABILITY = YES;
				ENABLE_USER_SCRIPT_SANDBOXING = YES;
				GCC_C_LANGUAGE_STANDARD = gnu17;
				GCC_DYNAMIC_NO_PIC = NO;
				GCC_NO_COMMON_BLOCKS = YES;
				GCC_OPTIMIZATION_LEVEL = 0;
				GCC_PREPROCESSOR_DEFINITIONS = (
					"DEBUG=1",
					"$(inherited)",
				);
				GCC_WARN_64_TO_32_BIT_CONVERSION = YES;
				GCC_WARN_ABOUT_RETURN_TYPE = YES_ERROR;
				GCC_WARN_UNDECLARED_SELECTOR = YES;
				GCC_WARN_UNINITIALIZED_AUTOS = YES_AGGRESSIVE;
				GCC_WARN_UNUSED_FUNCTION = YES;
				GCC_WARN_UNUSED_VARIABLE = YES;
				INFOPLIST_KEY_UIUserInterfaceStyle = Light;
				IPHONEOS_DEPLOYMENT_TARGET = 17.4;
				LOCALIZATION_PREFERS_STRING_CATALOGS = YES;
				MTL_ENABLE_DEBUG_INFO = INCLUDE_SOURCE;
				MTL_FAST_MATH = YES;
				ONLY_ACTIVE_ARCH = YES;
				SDKROOT = iphoneos;
				SWIFT_ACTIVE_COMPILATION_CONDITIONS = "DEBUG $(inherited)";
				SWIFT_OPTIMIZATION_LEVEL = "-Onone";
			};
			name = Debug;
		};
		8E1BADF32BC965CD00A65075 /* Release */ = {
			isa = XCBuildConfiguration;
			buildSettings = {
				ALWAYS_SEARCH_USER_PATHS = NO;
				ASSETCATALOG_COMPILER_GENERATE_SWIFT_ASSET_SYMBOL_EXTENSIONS = YES;
				CLANG_ANALYZER_NONNULL = YES;
				CLANG_ANALYZER_NUMBER_OBJECT_CONVERSION = YES_AGGRESSIVE;
				CLANG_CXX_LANGUAGE_STANDARD = "gnu++20";
				CLANG_ENABLE_MODULES = YES;
				CLANG_ENABLE_OBJC_ARC = YES;
				CLANG_ENABLE_OBJC_WEAK = YES;
				CLANG_WARN_BLOCK_CAPTURE_AUTORELEASING = YES;
				CLANG_WARN_BOOL_CONVERSION = YES;
				CLANG_WARN_COMMA = YES;
				CLANG_WARN_CONSTANT_CONVERSION = YES;
				CLANG_WARN_DEPRECATED_OBJC_IMPLEMENTATIONS = YES;
				CLANG_WARN_DIRECT_OBJC_ISA_USAGE = YES_ERROR;
				CLANG_WARN_DOCUMENTATION_COMMENTS = YES;
				CLANG_WARN_EMPTY_BODY = YES;
				CLANG_WARN_ENUM_CONVERSION = YES;
				CLANG_WARN_INFINITE_RECURSION = YES;
				CLANG_WARN_INT_CONVERSION = YES;
				CLANG_WARN_NON_LITERAL_NULL_CONVERSION = YES;
				CLANG_WARN_OBJC_IMPLICIT_RETAIN_SELF = YES;
				CLANG_WARN_OBJC_LITERAL_CONVERSION = YES;
				CLANG_WARN_OBJC_ROOT_CLASS = YES_ERROR;
				CLANG_WARN_QUOTED_INCLUDE_IN_FRAMEWORK_HEADER = YES;
				CLANG_WARN_RANGE_LOOP_ANALYSIS = YES;
				CLANG_WARN_STRICT_PROTOTYPES = YES;
				CLANG_WARN_SUSPICIOUS_MOVE = YES;
				CLANG_WARN_UNGUARDED_AVAILABILITY = YES_AGGRESSIVE;
				CLANG_WARN_UNREACHABLE_CODE = YES;
				CLANG_WARN__DUPLICATE_METHOD_MATCH = YES;
				COPY_PHASE_STRIP = NO;
				DEBUG_INFORMATION_FORMAT = "dwarf-with-dsym";
				ENABLE_NS_ASSERTIONS = NO;
				ENABLE_STRICT_OBJC_MSGSEND = YES;
				ENABLE_USER_SCRIPT_SANDBOXING = YES;
				GCC_C_LANGUAGE_STANDARD = gnu17;
				GCC_NO_COMMON_BLOCKS = YES;
				GCC_WARN_64_TO_32_BIT_CONVERSION = YES;
				GCC_WARN_ABOUT_RETURN_TYPE = YES_ERROR;
				GCC_WARN_UNDECLARED_SELECTOR = YES;
				GCC_WARN_UNINITIALIZED_AUTOS = YES_AGGRESSIVE;
				GCC_WARN_UNUSED_FUNCTION = YES;
				GCC_WARN_UNUSED_VARIABLE = YES;
				INFOPLIST_KEY_UIUserInterfaceStyle = Light;
				IPHONEOS_DEPLOYMENT_TARGET = 17.4;
				LOCALIZATION_PREFERS_STRING_CATALOGS = YES;
				MTL_ENABLE_DEBUG_INFO = NO;
				MTL_FAST_MATH = YES;
				SDKROOT = iphoneos;
				SWIFT_COMPILATION_MODE = wholemodule;
				VALIDATE_PRODUCT = YES;
			};
			name = Release;
		};
		8E1BADF52BC965CD00A65075 /* Debug */ = {
			isa = XCBuildConfiguration;
			buildSettings = {
				ASSETCATALOG_COMPILER_APPICON_NAME = AppIcon;
				ASSETCATALOG_COMPILER_GLOBAL_ACCENT_COLOR_NAME = AccentColor;
				CODE_SIGN_STYLE = Automatic;
				CURRENT_PROJECT_VERSION = 1;
				DEVELOPMENT_TEAM = N63SBJ4UPF;
				GENERATE_INFOPLIST_FILE = YES;
				INFOPLIST_FILE = Helper/Info.plist;
				INFOPLIST_KEY_UIApplicationSupportsIndirectInputEvents = YES;
				INFOPLIST_KEY_UILaunchStoryboardName = LaunchScreen;
				INFOPLIST_KEY_UIMainStoryboardFile = Main;
				INFOPLIST_KEY_UISupportedInterfaceOrientations = UIInterfaceOrientationPortrait;
				INFOPLIST_KEY_UISupportedInterfaceOrientations_iPad = "UIInterfaceOrientationLandscapeLeft UIInterfaceOrientationLandscapeRight UIInterfaceOrientationPortrait UIInterfaceOrientationPortraitUpsideDown";
				IPHONEOS_DEPLOYMENT_TARGET = 16.0;
				LD_RUNPATH_SEARCH_PATHS = (
					"$(inherited)",
					"@executable_path/Frameworks",
				);
				MARKETING_VERSION = 1.0;
				PRODUCT_BUNDLE_IDENTIFIER = com.youngjoo.Helper;
				PRODUCT_NAME = "$(TARGET_NAME)";
				SUPPORTED_PLATFORMS = "iphoneos iphonesimulator";
				SUPPORTS_MACCATALYST = NO;
				SUPPORTS_MAC_DESIGNED_FOR_IPHONE_IPAD = NO;
				SUPPORTS_XR_DESIGNED_FOR_IPHONE_IPAD = NO;
				SWIFT_EMIT_LOC_STRINGS = YES;
				SWIFT_VERSION = 5.0;
				TARGETED_DEVICE_FAMILY = 1;
			};
			name = Debug;
		};
		8E1BADF62BC965CD00A65075 /* Release */ = {
			isa = XCBuildConfiguration;
			buildSettings = {
				ASSETCATALOG_COMPILER_APPICON_NAME = AppIcon;
				ASSETCATALOG_COMPILER_GLOBAL_ACCENT_COLOR_NAME = AccentColor;
				CODE_SIGN_STYLE = Automatic;
				CURRENT_PROJECT_VERSION = 1;
				DEVELOPMENT_TEAM = N63SBJ4UPF;
				GENERATE_INFOPLIST_FILE = YES;
				INFOPLIST_FILE = Helper/Info.plist;
				INFOPLIST_KEY_UIApplicationSupportsIndirectInputEvents = YES;
				INFOPLIST_KEY_UILaunchStoryboardName = LaunchScreen;
				INFOPLIST_KEY_UIMainStoryboardFile = Main;
				INFOPLIST_KEY_UISupportedInterfaceOrientations = UIInterfaceOrientationPortrait;
				INFOPLIST_KEY_UISupportedInterfaceOrientations_iPad = "UIInterfaceOrientationLandscapeLeft UIInterfaceOrientationLandscapeRight UIInterfaceOrientationPortrait UIInterfaceOrientationPortraitUpsideDown";
				IPHONEOS_DEPLOYMENT_TARGET = 16.0;
				LD_RUNPATH_SEARCH_PATHS = (
					"$(inherited)",
					"@executable_path/Frameworks",
				);
				MARKETING_VERSION = 1.0;
				PRODUCT_BUNDLE_IDENTIFIER = com.youngjoo.Helper;
				PRODUCT_NAME = "$(TARGET_NAME)";
				SUPPORTED_PLATFORMS = "iphoneos iphonesimulator";
				SUPPORTS_MACCATALYST = NO;
				SUPPORTS_MAC_DESIGNED_FOR_IPHONE_IPAD = NO;
				SUPPORTS_XR_DESIGNED_FOR_IPHONE_IPAD = NO;
				SWIFT_EMIT_LOC_STRINGS = YES;
				SWIFT_VERSION = 5.0;
				TARGETED_DEVICE_FAMILY = 1;
			};
			name = Release;
		};
/* End XCBuildConfiguration section */

/* Begin XCConfigurationList section */
		8E1BADDB2BC965CC00A65075 /* Build configuration list for PBXProject "Helper" */ = {
			isa = XCConfigurationList;
			buildConfigurations = (
				8E1BADF22BC965CD00A65075 /* Debug */,
				8E1BADF32BC965CD00A65075 /* Release */,
			);
			defaultConfigurationIsVisible = 0;
			defaultConfigurationName = Release;
		};
		8E1BADF42BC965CD00A65075 /* Build configuration list for PBXNativeTarget "Helper" */ = {
			isa = XCConfigurationList;
			buildConfigurations = (
				8E1BADF52BC965CD00A65075 /* Debug */,
				8E1BADF62BC965CD00A65075 /* Release */,
			);
			defaultConfigurationIsVisible = 0;
			defaultConfigurationName = Release;
		};
/* End XCConfigurationList section */

/* Begin XCRemoteSwiftPackageReference section */
		8E1BAE532BC97C1500A65075 /* XCRemoteSwiftPackageReference "Then" */ = {
			isa = XCRemoteSwiftPackageReference;
			repositoryURL = "https://github.com/devxoul/Then.git";
			requirement = {
				kind = upToNextMajorVersion;
				minimumVersion = 3.0.0;
			};
		};
		8E1BAE562BC97C2100A65075 /* XCRemoteSwiftPackageReference "Toast-Swift" */ = {
			isa = XCRemoteSwiftPackageReference;
			repositoryURL = "https://github.com/scalessec/Toast-Swift";
			requirement = {
				kind = upToNextMajorVersion;
				minimumVersion = 5.1.1;
			};
		};
		8E1BAE592BC97C2A00A65075 /* XCRemoteSwiftPackageReference "Alamofire" */ = {
			isa = XCRemoteSwiftPackageReference;
			repositoryURL = "https://github.com/Alamofire/Alamofire.git";
			requirement = {
				kind = upToNextMajorVersion;
				minimumVersion = 5.9.1;
			};
		};
		8E1BAE5C2BC97C3200A65075 /* XCRemoteSwiftPackageReference "Kingfisher" */ = {
			isa = XCRemoteSwiftPackageReference;
			repositoryURL = "https://github.com/onevcat/Kingfisher.git";
			requirement = {
				kind = upToNextMajorVersion;
				minimumVersion = 7.11.0;
			};
		};
		8E1BAE5F2BC97C4F00A65075 /* XCRemoteSwiftPackageReference "RxSwift" */ = {
			isa = XCRemoteSwiftPackageReference;
			repositoryURL = "https://github.com/ReactiveX/RxSwift";
			requirement = {
				kind = upToNextMajorVersion;
				minimumVersion = 6.6.0;
			};
		};
		8E1BAE692BC97CD500A65075 /* XCRemoteSwiftPackageReference "Tabman" */ = {
			isa = XCRemoteSwiftPackageReference;
			repositoryURL = "https://github.com/uias/Tabman.git";
			requirement = {
				kind = upToNextMajorVersion;
				minimumVersion = 3.1.0;
			};
		};
		8E1BAE972BC993C100A65075 /* XCRemoteSwiftPackageReference "SnapKit" */ = {
			isa = XCRemoteSwiftPackageReference;
			repositoryURL = "https://github.com/SnapKit/SnapKit.git";
			requirement = {
				kind = upToNextMajorVersion;
				minimumVersion = 5.7.1;
			};
		};
		8E9A40172BCFFADD005E4F45 /* XCRemoteSwiftPackageReference "IQKeyboardManager" */ = {
			isa = XCRemoteSwiftPackageReference;
			repositoryURL = "https://github.com/hackiftekhar/IQKeyboardManager.git";
			requirement = {
				kind = upToNextMajorVersion;
				minimumVersion = 7.0.0;
			};
		};
/* End XCRemoteSwiftPackageReference section */

/* Begin XCSwiftPackageProductDependency section */
		8E1BAE542BC97C1500A65075 /* Then */ = {
			isa = XCSwiftPackageProductDependency;
			package = 8E1BAE532BC97C1500A65075 /* XCRemoteSwiftPackageReference "Then" */;
			productName = Then;
		};
		8E1BAE572BC97C2100A65075 /* Toast */ = {
			isa = XCSwiftPackageProductDependency;
			package = 8E1BAE562BC97C2100A65075 /* XCRemoteSwiftPackageReference "Toast-Swift" */;
			productName = Toast;
		};
		8E1BAE5A2BC97C2A00A65075 /* Alamofire */ = {
			isa = XCSwiftPackageProductDependency;
			package = 8E1BAE592BC97C2A00A65075 /* XCRemoteSwiftPackageReference "Alamofire" */;
			productName = Alamofire;
		};
		8E1BAE5D2BC97C3200A65075 /* Kingfisher */ = {
			isa = XCSwiftPackageProductDependency;
			package = 8E1BAE5C2BC97C3200A65075 /* XCRemoteSwiftPackageReference "Kingfisher" */;
			productName = Kingfisher;
		};
		8E1BAE602BC97C4F00A65075 /* RxCocoa */ = {
			isa = XCSwiftPackageProductDependency;
			package = 8E1BAE5F2BC97C4F00A65075 /* XCRemoteSwiftPackageReference "RxSwift" */;
			productName = RxCocoa;
		};
		8E1BAE622BC97C4F00A65075 /* RxRelay */ = {
			isa = XCSwiftPackageProductDependency;
			package = 8E1BAE5F2BC97C4F00A65075 /* XCRemoteSwiftPackageReference "RxSwift" */;
			productName = RxRelay;
		};
		8E1BAE642BC97C4F00A65075 /* RxSwift */ = {
			isa = XCSwiftPackageProductDependency;
			package = 8E1BAE5F2BC97C4F00A65075 /* XCRemoteSwiftPackageReference "RxSwift" */;
			productName = RxSwift;
		};
		8E1BAE6A2BC97CD500A65075 /* Tabman */ = {
			isa = XCSwiftPackageProductDependency;
			package = 8E1BAE692BC97CD500A65075 /* XCRemoteSwiftPackageReference "Tabman" */;
			productName = Tabman;
		};
		8E1BAE982BC993C100A65075 /* SnapKit */ = {
			isa = XCSwiftPackageProductDependency;
			package = 8E1BAE972BC993C100A65075 /* XCRemoteSwiftPackageReference "SnapKit" */;
			productName = SnapKit;
		};
		8E9A40182BCFFADE005E4F45 /* IQKeyboardManagerSwift */ = {
			isa = XCSwiftPackageProductDependency;
			package = 8E9A40172BCFFADD005E4F45 /* XCRemoteSwiftPackageReference "IQKeyboardManager" */;
			productName = IQKeyboardManagerSwift;
		};
/* End XCSwiftPackageProductDependency section */
	};
	rootObject = 8E1BADD82BC965CC00A65075 /* Project object */;
}
